// !$*UTF8*$!
{
	archiveVersion = 1;
	classes = {
	};
	objectVersion = 51;
	objects = {

/* Begin PBXBuildFile section */
		053EF5453ADF978B6FEC4A4D /* Pods_HelpingHarper_HelpingHarperUITests.framework in Frameworks */ = {isa = PBXBuildFile; fileRef = 408BD9D202DA754BAE3F06D9 /* Pods_HelpingHarper_HelpingHarperUITests.framework */; };
		26164F0C2446C37E00BE32FB /* Constants.swift in Sources */ = {isa = PBXBuildFile; fileRef = 26164F0B2446C37E00BE32FB /* Constants.swift */; };
		26164F0E2446C4E900BE32FB /* NetworkingClient.swift in Sources */ = {isa = PBXBuildFile; fileRef = 26164F0D2446C4E900BE32FB /* NetworkingClient.swift */; };
		26164F102447226200BE32FB /* Scenario.swift in Sources */ = {isa = PBXBuildFile; fileRef = 26164F0F2447226200BE32FB /* Scenario.swift */; };
		262FE487246EC54000C96DD7 /* AudioSound.swift in Sources */ = {isa = PBXBuildFile; fileRef = 262FE486246EC54000C96DD7 /* AudioSound.swift */; };
		262FE489246EC66A00C96DD7 /* ApplyProtocol.swift in Sources */ = {isa = PBXBuildFile; fileRef = 262FE488246EC66A00C96DD7 /* ApplyProtocol.swift */; };
		262FE48B246EC75F00C96DD7 /* Apply+Extension.swift in Sources */ = {isa = PBXBuildFile; fileRef = 262FE48A246EC75F00C96DD7 /* Apply+Extension.swift */; };
		262FE48D246EC81C00C96DD7 /* rainy-sun.wav in Resources */ = {isa = PBXBuildFile; fileRef = 262FE48C246EC81C00C96DD7 /* rainy-sun.wav */; };
		2638CECF244841BB00FD2CCD /* Story.swift in Sources */ = {isa = PBXBuildFile; fileRef = 2638CECE244841BB00FD2CCD /* Story.swift */; };
		2638CED12448550C00FD2CCD /* QuestionSetup.swift in Sources */ = {isa = PBXBuildFile; fileRef = 2638CED02448550C00FD2CCD /* QuestionSetup.swift */; };
		2638CED32448559600FD2CCD /* Answer.swift in Sources */ = {isa = PBXBuildFile; fileRef = 2638CED22448559600FD2CCD /* Answer.swift */; };
		265D9D982450535F00F9766F /* SetupScreenViewController.swift in Sources */ = {isa = PBXBuildFile; fileRef = 265D9D972450535F00F9766F /* SetupScreenViewController.swift */; };
		265D9D9A2450558B00F9766F /* OnboardingView.swift in Sources */ = {isa = PBXBuildFile; fileRef = 265D9D992450558B00F9766F /* OnboardingView.swift */; };
		266478D1244AEA4300295619 /* QuestionData.swift in Sources */ = {isa = PBXBuildFile; fileRef = 266478D0244AEA4300295619 /* QuestionData.swift */; };
		266478D4244D466B00295619 /* Colors+Extension.swift in Sources */ = {isa = PBXBuildFile; fileRef = 266478D3244D466B00295619 /* Colors+Extension.swift */; };
		266478D6244D477200295619 /* UserDefaultsManager.swift in Sources */ = {isa = PBXBuildFile; fileRef = 266478D5244D477200295619 /* UserDefaultsManager.swift */; };
		266478D8244D479E00295619 /* PreferencesManager.swift in Sources */ = {isa = PBXBuildFile; fileRef = 266478D7244D479E00295619 /* PreferencesManager.swift */; };
		266478DA244D78EF00295619 /* FeedbackGenerator.swift in Sources */ = {isa = PBXBuildFile; fileRef = 266478D9244D78EF00295619 /* FeedbackGenerator.swift */; };
		26AEA52F244346A300354567 /* CustomNavController.swift in Sources */ = {isa = PBXBuildFile; fileRef = 26AEA52E244346A300354567 /* CustomNavController.swift */; };
		26B7BFE9246AB0FD009DBDC4 /* Q3Q.wav in Resources */ = {isa = PBXBuildFile; fileRef = 26B7BFCA246AB0F3009DBDC4 /* Q3Q.wav */; };
		26B7BFEA246AB0FD009DBDC4 /* Q2D2.wav in Resources */ = {isa = PBXBuildFile; fileRef = 26B7BFCB246AB0F3009DBDC4 /* Q2D2.wav */; };
		26B7BFEB246AB0FD009DBDC4 /* Q4D1.wav in Resources */ = {isa = PBXBuildFile; fileRef = 26B7BFCC246AB0F3009DBDC4 /* Q4D1.wav */; };
		26B7BFEC246AB0FD009DBDC4 /* Q1D1.wav in Resources */ = {isa = PBXBuildFile; fileRef = 26B7BFCD246AB0F4009DBDC4 /* Q1D1.wav */; };
		26B7BFED246AB0FD009DBDC4 /* Q1Q.wav in Resources */ = {isa = PBXBuildFile; fileRef = 26B7BFCE246AB0F4009DBDC4 /* Q1Q.wav */; };
		26B7BFEE246AB0FD009DBDC4 /* Q7D2.wav in Resources */ = {isa = PBXBuildFile; fileRef = 26B7BFCF246AB0F4009DBDC4 /* Q7D2.wav */; };
		26B7BFEF246AB0FD009DBDC4 /* Q4Q.wav in Resources */ = {isa = PBXBuildFile; fileRef = 26B7BFD0246AB0F5009DBDC4 /* Q4Q.wav */; };
		26B7BFF0246AB0FD009DBDC4 /* Q7Q.wav in Resources */ = {isa = PBXBuildFile; fileRef = 26B7BFD1246AB0F5009DBDC4 /* Q7Q.wav */; };
		26B7BFF1246AB0FD009DBDC4 /* Q10D4.wav in Resources */ = {isa = PBXBuildFile; fileRef = 26B7BFD2246AB0F5009DBDC4 /* Q10D4.wav */; };
		26B7BFF2246AB0FD009DBDC4 /* Q5D1.wav in Resources */ = {isa = PBXBuildFile; fileRef = 26B7BFD3246AB0F5009DBDC4 /* Q5D1.wav */; };
		26B7BFF3246AB0FD009DBDC4 /* Q8Q.wav in Resources */ = {isa = PBXBuildFile; fileRef = 26B7BFD4246AB0F6009DBDC4 /* Q8Q.wav */; };
		26B7BFF4246AB0FD009DBDC4 /* Q10D3.wav in Resources */ = {isa = PBXBuildFile; fileRef = 26B7BFD5246AB0F6009DBDC4 /* Q10D3.wav */; };
		26B7BFF5246AB0FD009DBDC4 /* Q3D2.wav in Resources */ = {isa = PBXBuildFile; fileRef = 26B7BFD6246AB0F6009DBDC4 /* Q3D2.wav */; };
		26B7BFF6246AB0FD009DBDC4 /* Q6D2.wav in Resources */ = {isa = PBXBuildFile; fileRef = 26B7BFD7246AB0F7009DBDC4 /* Q6D2.wav */; };
		26B7BFF7246AB0FD009DBDC4 /* Q2D1.wav in Resources */ = {isa = PBXBuildFile; fileRef = 26B7BFD8246AB0F7009DBDC4 /* Q2D1.wav */; };
		26B7BFF8246AB0FD009DBDC4 /* Q10D1.wav in Resources */ = {isa = PBXBuildFile; fileRef = 26B7BFD9246AB0F7009DBDC4 /* Q10D1.wav */; };
		26B7BFF9246AB0FD009DBDC4 /* Q8D1.wav in Resources */ = {isa = PBXBuildFile; fileRef = 26B7BFDA246AB0F8009DBDC4 /* Q8D1.wav */; };
		26B7BFFA246AB0FD009DBDC4 /* Q2Q.wav in Resources */ = {isa = PBXBuildFile; fileRef = 26B7BFDB246AB0F8009DBDC4 /* Q2Q.wav */; };
		26B7BFFB246AB0FD009DBDC4 /* Q10Q.wav in Resources */ = {isa = PBXBuildFile; fileRef = 26B7BFDC246AB0F8009DBDC4 /* Q10Q.wav */; };
		26B7BFFC246AB0FD009DBDC4 /* Q7D1.wav in Resources */ = {isa = PBXBuildFile; fileRef = 26B7BFDD246AB0F9009DBDC4 /* Q7D1.wav */; };
		26B7BFFD246AB0FD009DBDC4 /* Q6D1.wav in Resources */ = {isa = PBXBuildFile; fileRef = 26B7BFDE246AB0F9009DBDC4 /* Q6D1.wav */; };
		26B7BFFE246AB0FD009DBDC4 /* Q4D2.wav in Resources */ = {isa = PBXBuildFile; fileRef = 26B7BFDF246AB0F9009DBDC4 /* Q4D2.wav */; };
		26B7BFFF246AB0FD009DBDC4 /* Q3D1.wav in Resources */ = {isa = PBXBuildFile; fileRef = 26B7BFE0246AB0FA009DBDC4 /* Q3D1.wav */; };
		26B7C000246AB0FD009DBDC4 /* Q9D2.wav in Resources */ = {isa = PBXBuildFile; fileRef = 26B7BFE1246AB0FA009DBDC4 /* Q9D2.wav */; };
		26B7C001246AB0FD009DBDC4 /* Q9Q.wav in Resources */ = {isa = PBXBuildFile; fileRef = 26B7BFE2246AB0FB009DBDC4 /* Q9Q.wav */; };
		26B7C002246AB0FD009DBDC4 /* Q1D2.wav in Resources */ = {isa = PBXBuildFile; fileRef = 26B7BFE3246AB0FB009DBDC4 /* Q1D2.wav */; };
		26B7C003246AB0FD009DBDC4 /* Q10D2.wav in Resources */ = {isa = PBXBuildFile; fileRef = 26B7BFE4246AB0FB009DBDC4 /* Q10D2.wav */; };
		26B7C004246AB0FD009DBDC4 /* Q9D1.wav in Resources */ = {isa = PBXBuildFile; fileRef = 26B7BFE5246AB0FC009DBDC4 /* Q9D1.wav */; };
		26B7C005246AB0FD009DBDC4 /* Q4D3.wav in Resources */ = {isa = PBXBuildFile; fileRef = 26B7BFE6246AB0FC009DBDC4 /* Q4D3.wav */; };
		26B7C006246AB0FD009DBDC4 /* Q9D3.wav in Resources */ = {isa = PBXBuildFile; fileRef = 26B7BFE7246AB0FD009DBDC4 /* Q9D3.wav */; };
		26B7C007246AB0FD009DBDC4 /* Q5Q.wav in Resources */ = {isa = PBXBuildFile; fileRef = 26B7BFE8246AB0FD009DBDC4 /* Q5Q.wav */; };
		26C0169C2466E33200C0B589 /* Q1D0.wav in Resources */ = {isa = PBXBuildFile; fileRef = 26C0169B2466E33100C0B589 /* Q1D0.wav */; };
		26C0B1702442D8F900EC1471 /* Question.swift in Sources */ = {isa = PBXBuildFile; fileRef = 26C0B16F2442D8F900EC1471 /* Question.swift */; };
		26C0B1722442D94100EC1471 /* Topic.swift in Sources */ = {isa = PBXBuildFile; fileRef = 26C0B1712442D94100EC1471 /* Topic.swift */; };
		26C0B1762442E2F000EC1471 /* RoundedView.swift in Sources */ = {isa = PBXBuildFile; fileRef = 26C0B1742442E2F000EC1471 /* RoundedView.swift */; };
		26C0B1772442E2F000EC1471 /* ToastAlert.swift in Sources */ = {isa = PBXBuildFile; fileRef = 26C0B1752442E2F000EC1471 /* ToastAlert.swift */; };
		26C0B17A2442E3BD00EC1471 /* ScenarioVC.swift in Sources */ = {isa = PBXBuildFile; fileRef = 26C0B1792442E3BD00EC1471 /* ScenarioVC.swift */; };
		26C0B17C2442E3D500EC1471 /* StoryViewController.swift in Sources */ = {isa = PBXBuildFile; fileRef = 26C0B17B2442E3D500EC1471 /* StoryViewController.swift */; };
		26CF27C624566F230081E907 /* SymbolViewController.swift in Sources */ = {isa = PBXBuildFile; fileRef = 26CF27C524566F230081E907 /* SymbolViewController.swift */; };
		26CF27C824566FBE0081E907 /* SymbolTableViewCell.swift in Sources */ = {isa = PBXBuildFile; fileRef = 26CF27C724566FBE0081E907 /* SymbolTableViewCell.swift */; };
		26CF27CA245672590081E907 /* Symbol.swift in Sources */ = {isa = PBXBuildFile; fileRef = 26CF27C9245672590081E907 /* Symbol.swift */; };
		26E0AEDB243E8BEE006E9A08 /* AppDelegate.swift in Sources */ = {isa = PBXBuildFile; fileRef = 26E0AEDA243E8BEE006E9A08 /* AppDelegate.swift */; };
		26E0AEDD243E8BEE006E9A08 /* SceneDelegate.swift in Sources */ = {isa = PBXBuildFile; fileRef = 26E0AEDC243E8BEE006E9A08 /* SceneDelegate.swift */; };
		26E0AEDF243E8BEE006E9A08 /* MainViewController.swift in Sources */ = {isa = PBXBuildFile; fileRef = 26E0AEDE243E8BEE006E9A08 /* MainViewController.swift */; };
		26E0AEE5243E8BEE006E9A08 /* HelpingHarper.xcdatamodeld in Sources */ = {isa = PBXBuildFile; fileRef = 26E0AEE3243E8BEE006E9A08 /* HelpingHarper.xcdatamodeld */; };
		26E0AEE7243E8BF5006E9A08 /* Assets.xcassets in Resources */ = {isa = PBXBuildFile; fileRef = 26E0AEE6243E8BF5006E9A08 /* Assets.xcassets */; };
		26E0AEEA243E8BF5006E9A08 /* LaunchScreen.storyboard in Resources */ = {isa = PBXBuildFile; fileRef = 26E0AEE8243E8BF5006E9A08 /* LaunchScreen.storyboard */; };
		26E0AEF5243E8BF6006E9A08 /* HelpingHarperTests.swift in Sources */ = {isa = PBXBuildFile; fileRef = 26E0AEF4243E8BF6006E9A08 /* HelpingHarperTests.swift */; };
		26E0AF00243E8BF6006E9A08 /* HelpingHarperUITests.swift in Sources */ = {isa = PBXBuildFile; fileRef = 26E0AEFF243E8BF6006E9A08 /* HelpingHarperUITests.swift */; };
		26F396B72470FE320003D6AC /* S2Q2Q.wav in Resources */ = {isa = PBXBuildFile; fileRef = 26F3969A2470FE220003D6AC /* S2Q2Q.wav */; };
		26F396B82470FE320003D6AC /* S2Q5D1.wav in Resources */ = {isa = PBXBuildFile; fileRef = 26F3969B2470FE230003D6AC /* S2Q5D1.wav */; };
		26F396B92470FE320003D6AC /* S2Q4Q.wav in Resources */ = {isa = PBXBuildFile; fileRef = 26F3969C2470FE230003D6AC /* S2Q4Q.wav */; };
		26F396BA2470FE320003D6AC /* S2Q4D1.wav in Resources */ = {isa = PBXBuildFile; fileRef = 26F3969D2470FE240003D6AC /* S2Q4D1.wav */; };
		26F396BB2470FE320003D6AC /* S2Q1D3.wav in Resources */ = {isa = PBXBuildFile; fileRef = 26F3969E2470FE240003D6AC /* S2Q1D3.wav */; };
		26F396BC2470FE320003D6AC /* S2Q2D4.wav in Resources */ = {isa = PBXBuildFile; fileRef = 26F3969F2470FE250003D6AC /* S2Q2D4.wav */; };
		26F396BD2470FE320003D6AC /* S2Q7D1.wav in Resources */ = {isa = PBXBuildFile; fileRef = 26F396A02470FE250003D6AC /* S2Q7D1.wav */; };
		26F396BE2470FE320003D6AC /* S2Q7D3.wav in Resources */ = {isa = PBXBuildFile; fileRef = 26F396A12470FE260003D6AC /* S2Q7D3.wav */; };
		26F396BF2470FE320003D6AC /* S2Q4D3.wav in Resources */ = {isa = PBXBuildFile; fileRef = 26F396A22470FE260003D6AC /* S2Q4D3.wav */; };
		26F396C02470FE320003D6AC /* S2Q1Q.wav in Resources */ = {isa = PBXBuildFile; fileRef = 26F396A32470FE270003D6AC /* S2Q1Q.wav */; };
		26F396C12470FE320003D6AC /* S2Q10D1.wav in Resources */ = {isa = PBXBuildFile; fileRef = 26F396A42470FE270003D6AC /* S2Q10D1.wav */; };
		26F396C22470FE320003D6AC /* S2Q1D4.wav in Resources */ = {isa = PBXBuildFile; fileRef = 26F396A52470FE280003D6AC /* S2Q1D4.wav */; };
		26F396C32470FE320003D6AC /* S2Q2D1.wav in Resources */ = {isa = PBXBuildFile; fileRef = 26F396A62470FE280003D6AC /* S2Q2D1.wav */; };
		26F396C42470FE320003D6AC /* S2Q2D2.wav in Resources */ = {isa = PBXBuildFile; fileRef = 26F396A72470FE290003D6AC /* S2Q2D2.wav */; };
		26F396C52470FE320003D6AC /* S2Q6D1.wav in Resources */ = {isa = PBXBuildFile; fileRef = 26F396A82470FE290003D6AC /* S2Q6D1.wav */; };
		26F396C62470FE320003D6AC /* S2Q8D1.wav in Resources */ = {isa = PBXBuildFile; fileRef = 26F396A92470FE2A0003D6AC /* S2Q8D1.wav */; };
		26F396C72470FE320003D6AC /* S2Q5Q.wav in Resources */ = {isa = PBXBuildFile; fileRef = 26F396AA2470FE2A0003D6AC /* S2Q5Q.wav */; };
		26F396C82470FE320003D6AC /* S2Q7Q.wav in Resources */ = {isa = PBXBuildFile; fileRef = 26F396AB2470FE2B0003D6AC /* S2Q7Q.wav */; };
		26F396C92470FE320003D6AC /* S2Q2D3.wav in Resources */ = {isa = PBXBuildFile; fileRef = 26F396AC2470FE2B0003D6AC /* S2Q2D3.wav */; };
		26F396CA2470FE320003D6AC /* S2Q8Q.wav in Resources */ = {isa = PBXBuildFile; fileRef = 26F396AD2470FE2C0003D6AC /* S2Q8Q.wav */; };
		26F396CB2470FE320003D6AC /* S2Q9Q.wav in Resources */ = {isa = PBXBuildFile; fileRef = 26F396AE2470FE2D0003D6AC /* S2Q9Q.wav */; };
		26F396CC2470FE320003D6AC /* S2Q10Q.wav in Resources */ = {isa = PBXBuildFile; fileRef = 26F396AF2470FE2D0003D6AC /* S2Q10Q.wav */; };
		26F396CD2470FE320003D6AC /* S2Q4D2.wav in Resources */ = {isa = PBXBuildFile; fileRef = 26F396B02470FE2E0003D6AC /* S2Q4D2.wav */; };
		26F396CE2470FE320003D6AC /* S2Q3D1.wav in Resources */ = {isa = PBXBuildFile; fileRef = 26F396B12470FE2E0003D6AC /* S2Q3D1.wav */; };
		26F396CF2470FE320003D6AC /* S2Q1D2.wav in Resources */ = {isa = PBXBuildFile; fileRef = 26F396B22470FE2F0003D6AC /* S2Q1D2.wav */; };
		26F396D02470FE320003D6AC /* S2Q9D1.wav in Resources */ = {isa = PBXBuildFile; fileRef = 26F396B32470FE2F0003D6AC /* S2Q9D1.wav */; };
		26F396D12470FE320003D6AC /* S2Q7D2.wav in Resources */ = {isa = PBXBuildFile; fileRef = 26F396B42470FE300003D6AC /* S2Q7D2.wav */; };
		26F396D22470FE320003D6AC /* S2Q4D4.wav in Resources */ = {isa = PBXBuildFile; fileRef = 26F396B52470FE310003D6AC /* S2Q4D4.wav */; };
		26F396D32470FE320003D6AC /* S2Q1D1.wav in Resources */ = {isa = PBXBuildFile; fileRef = 26F396B62470FE320003D6AC /* S2Q1D1.wav */; };
		26F396D524714EDE0003D6AC /* Loli.mp3 in Resources */ = {isa = PBXBuildFile; fileRef = 26F396D424714EDE0003D6AC /* Loli.mp3 */; };
		26F7EC60245FEE0000567FFA /* in-a-dream.wav in Resources */ = {isa = PBXBuildFile; fileRef = 26F7EC5F245FEE0000567FFA /* in-a-dream.wav */; };
		26F7EC62245FF31C00567FFA /* harper_audio_test.wav in Resources */ = {isa = PBXBuildFile; fileRef = 26F7EC61245FF31C00567FFA /* harper_audio_test.wav */; };
		26FE146B2442E70B0008BA1E /* Main.storyboard in Resources */ = {isa = PBXBuildFile; fileRef = 26E0AEE0243E8BEE006E9A08 /* Main.storyboard */; };
		26FE146E2442FC800008BA1E /* ScenarioTableViewCell.swift in Sources */ = {isa = PBXBuildFile; fileRef = 26FE146D2442FC800008BA1E /* ScenarioTableViewCell.swift */; };
		26FE147024433EFC0008BA1E /* StoryTableViewCell.swift in Sources */ = {isa = PBXBuildFile; fileRef = 26FE146F24433EFC0008BA1E /* StoryTableViewCell.swift */; };
		26FE14722443420E0008BA1E /* QuestionViewController.swift in Sources */ = {isa = PBXBuildFile; fileRef = 26FE14712443420E0008BA1E /* QuestionViewController.swift */; };
		920FB160F0313DC6D703322B /* Pods_HelpingHarperTests.framework in Frameworks */ = {isa = PBXBuildFile; fileRef = F5B30BE04ACCDF452D8C4A60 /* Pods_HelpingHarperTests.framework */; };
		AA26F9A9DF4FA8438AC77612 /* Pods_HelpingHarper.framework in Frameworks */ = {isa = PBXBuildFile; fileRef = 97CBAC7DBABF2237A0EC782F /* Pods_HelpingHarper.framework */; };
/* End PBXBuildFile section */

/* Begin PBXContainerItemProxy section */
		26E0AEF1243E8BF6006E9A08 /* PBXContainerItemProxy */ = {
			isa = PBXContainerItemProxy;
			containerPortal = 26E0AECF243E8BEE006E9A08 /* Project object */;
			proxyType = 1;
			remoteGlobalIDString = 26E0AED6243E8BEE006E9A08;
			remoteInfo = HelpingHarper;
		};
		26E0AEFC243E8BF6006E9A08 /* PBXContainerItemProxy */ = {
			isa = PBXContainerItemProxy;
			containerPortal = 26E0AECF243E8BEE006E9A08 /* Project object */;
			proxyType = 1;
			remoteGlobalIDString = 26E0AED6243E8BEE006E9A08;
			remoteInfo = HelpingHarper;
		};
/* End PBXContainerItemProxy section */

/* Begin PBXFileReference section */
		18D1D081CD31AF3EA924D34D /* Pods-HelpingHarper-HelpingHarperUITests.debug.xcconfig */ = {isa = PBXFileReference; includeInIndex = 1; lastKnownFileType = text.xcconfig; name = "Pods-HelpingHarper-HelpingHarperUITests.debug.xcconfig"; path = "Target Support Files/Pods-HelpingHarper-HelpingHarperUITests/Pods-HelpingHarper-HelpingHarperUITests.debug.xcconfig"; sourceTree = "<group>"; };
		26164F0B2446C37E00BE32FB /* Constants.swift */ = {isa = PBXFileReference; lastKnownFileType = sourcecode.swift; path = Constants.swift; sourceTree = "<group>"; };
		26164F0D2446C4E900BE32FB /* NetworkingClient.swift */ = {isa = PBXFileReference; lastKnownFileType = sourcecode.swift; path = NetworkingClient.swift; sourceTree = "<group>"; };
		26164F0F2447226200BE32FB /* Scenario.swift */ = {isa = PBXFileReference; lastKnownFileType = sourcecode.swift; path = Scenario.swift; sourceTree = "<group>"; };
		262FE486246EC54000C96DD7 /* AudioSound.swift */ = {isa = PBXFileReference; lastKnownFileType = sourcecode.swift; path = AudioSound.swift; sourceTree = "<group>"; };
		262FE488246EC66A00C96DD7 /* ApplyProtocol.swift */ = {isa = PBXFileReference; lastKnownFileType = sourcecode.swift; path = ApplyProtocol.swift; sourceTree = "<group>"; };
		262FE48A246EC75F00C96DD7 /* Apply+Extension.swift */ = {isa = PBXFileReference; lastKnownFileType = sourcecode.swift; path = "Apply+Extension.swift"; sourceTree = "<group>"; };
		262FE48C246EC81C00C96DD7 /* rainy-sun.wav */ = {isa = PBXFileReference; lastKnownFileType = audio.wav; path = "rainy-sun.wav"; sourceTree = "<group>"; };
		2638CECE244841BB00FD2CCD /* Story.swift */ = {isa = PBXFileReference; lastKnownFileType = sourcecode.swift; path = Story.swift; sourceTree = "<group>"; };
		2638CED02448550C00FD2CCD /* QuestionSetup.swift */ = {isa = PBXFileReference; lastKnownFileType = sourcecode.swift; path = QuestionSetup.swift; sourceTree = "<group>"; };
		2638CED22448559600FD2CCD /* Answer.swift */ = {isa = PBXFileReference; lastKnownFileType = sourcecode.swift; path = Answer.swift; sourceTree = "<group>"; };
		265D9D972450535F00F9766F /* SetupScreenViewController.swift */ = {isa = PBXFileReference; fileEncoding = 4; lastKnownFileType = sourcecode.swift; path = SetupScreenViewController.swift; sourceTree = "<group>"; };
		265D9D992450558B00F9766F /* OnboardingView.swift */ = {isa = PBXFileReference; fileEncoding = 4; lastKnownFileType = sourcecode.swift; path = OnboardingView.swift; sourceTree = "<group>"; };
		266478D0244AEA4300295619 /* QuestionData.swift */ = {isa = PBXFileReference; lastKnownFileType = sourcecode.swift; path = QuestionData.swift; sourceTree = "<group>"; };
		266478D3244D466B00295619 /* Colors+Extension.swift */ = {isa = PBXFileReference; fileEncoding = 4; lastKnownFileType = sourcecode.swift; path = "Colors+Extension.swift"; sourceTree = "<group>"; };
		266478D5244D477200295619 /* UserDefaultsManager.swift */ = {isa = PBXFileReference; fileEncoding = 4; lastKnownFileType = sourcecode.swift; path = UserDefaultsManager.swift; sourceTree = "<group>"; };
		266478D7244D479E00295619 /* PreferencesManager.swift */ = {isa = PBXFileReference; fileEncoding = 4; lastKnownFileType = sourcecode.swift; path = PreferencesManager.swift; sourceTree = "<group>"; };
		266478D9244D78EF00295619 /* FeedbackGenerator.swift */ = {isa = PBXFileReference; fileEncoding = 4; lastKnownFileType = sourcecode.swift; path = FeedbackGenerator.swift; sourceTree = "<group>"; };
		26AEA52E244346A300354567 /* CustomNavController.swift */ = {isa = PBXFileReference; lastKnownFileType = sourcecode.swift; path = CustomNavController.swift; sourceTree = "<group>"; };
		26B7BFCA246AB0F3009DBDC4 /* Q3Q.wav */ = {isa = PBXFileReference; lastKnownFileType = audio.wav; path = Q3Q.wav; sourceTree = "<group>"; };
		26B7BFCB246AB0F3009DBDC4 /* Q2D2.wav */ = {isa = PBXFileReference; lastKnownFileType = audio.wav; path = Q2D2.wav; sourceTree = "<group>"; };
		26B7BFCC246AB0F3009DBDC4 /* Q4D1.wav */ = {isa = PBXFileReference; lastKnownFileType = audio.wav; path = Q4D1.wav; sourceTree = "<group>"; };
		26B7BFCD246AB0F4009DBDC4 /* Q1D1.wav */ = {isa = PBXFileReference; lastKnownFileType = audio.wav; path = Q1D1.wav; sourceTree = "<group>"; };
		26B7BFCE246AB0F4009DBDC4 /* Q1Q.wav */ = {isa = PBXFileReference; lastKnownFileType = audio.wav; path = Q1Q.wav; sourceTree = "<group>"; };
		26B7BFCF246AB0F4009DBDC4 /* Q7D2.wav */ = {isa = PBXFileReference; lastKnownFileType = audio.wav; path = Q7D2.wav; sourceTree = "<group>"; };
		26B7BFD0246AB0F5009DBDC4 /* Q4Q.wav */ = {isa = PBXFileReference; lastKnownFileType = audio.wav; path = Q4Q.wav; sourceTree = "<group>"; };
		26B7BFD1246AB0F5009DBDC4 /* Q7Q.wav */ = {isa = PBXFileReference; lastKnownFileType = audio.wav; path = Q7Q.wav; sourceTree = "<group>"; };
		26B7BFD2246AB0F5009DBDC4 /* Q10D4.wav */ = {isa = PBXFileReference; lastKnownFileType = audio.wav; path = Q10D4.wav; sourceTree = "<group>"; };
		26B7BFD3246AB0F5009DBDC4 /* Q5D1.wav */ = {isa = PBXFileReference; lastKnownFileType = audio.wav; path = Q5D1.wav; sourceTree = "<group>"; };
		26B7BFD4246AB0F6009DBDC4 /* Q8Q.wav */ = {isa = PBXFileReference; lastKnownFileType = audio.wav; path = Q8Q.wav; sourceTree = "<group>"; };
		26B7BFD5246AB0F6009DBDC4 /* Q10D3.wav */ = {isa = PBXFileReference; lastKnownFileType = audio.wav; path = Q10D3.wav; sourceTree = "<group>"; };
		26B7BFD6246AB0F6009DBDC4 /* Q3D2.wav */ = {isa = PBXFileReference; lastKnownFileType = audio.wav; path = Q3D2.wav; sourceTree = "<group>"; };
		26B7BFD7246AB0F7009DBDC4 /* Q6D2.wav */ = {isa = PBXFileReference; lastKnownFileType = audio.wav; path = Q6D2.wav; sourceTree = "<group>"; };
		26B7BFD8246AB0F7009DBDC4 /* Q2D1.wav */ = {isa = PBXFileReference; lastKnownFileType = audio.wav; path = Q2D1.wav; sourceTree = "<group>"; };
		26B7BFD9246AB0F7009DBDC4 /* Q10D1.wav */ = {isa = PBXFileReference; lastKnownFileType = audio.wav; path = Q10D1.wav; sourceTree = "<group>"; };
		26B7BFDA246AB0F8009DBDC4 /* Q8D1.wav */ = {isa = PBXFileReference; lastKnownFileType = audio.wav; path = Q8D1.wav; sourceTree = "<group>"; };
		26B7BFDB246AB0F8009DBDC4 /* Q2Q.wav */ = {isa = PBXFileReference; lastKnownFileType = audio.wav; path = Q2Q.wav; sourceTree = "<group>"; };
		26B7BFDC246AB0F8009DBDC4 /* Q10Q.wav */ = {isa = PBXFileReference; lastKnownFileType = audio.wav; path = Q10Q.wav; sourceTree = "<group>"; };
		26B7BFDD246AB0F9009DBDC4 /* Q7D1.wav */ = {isa = PBXFileReference; lastKnownFileType = audio.wav; path = Q7D1.wav; sourceTree = "<group>"; };
		26B7BFDE246AB0F9009DBDC4 /* Q6D1.wav */ = {isa = PBXFileReference; lastKnownFileType = audio.wav; path = Q6D1.wav; sourceTree = "<group>"; };
		26B7BFDF246AB0F9009DBDC4 /* Q4D2.wav */ = {isa = PBXFileReference; lastKnownFileType = audio.wav; path = Q4D2.wav; sourceTree = "<group>"; };
		26B7BFE0246AB0FA009DBDC4 /* Q3D1.wav */ = {isa = PBXFileReference; lastKnownFileType = audio.wav; path = Q3D1.wav; sourceTree = "<group>"; };
		26B7BFE1246AB0FA009DBDC4 /* Q9D2.wav */ = {isa = PBXFileReference; lastKnownFileType = audio.wav; path = Q9D2.wav; sourceTree = "<group>"; };
		26B7BFE2246AB0FB009DBDC4 /* Q9Q.wav */ = {isa = PBXFileReference; lastKnownFileType = audio.wav; path = Q9Q.wav; sourceTree = "<group>"; };
		26B7BFE3246AB0FB009DBDC4 /* Q1D2.wav */ = {isa = PBXFileReference; lastKnownFileType = audio.wav; path = Q1D2.wav; sourceTree = "<group>"; };
		26B7BFE4246AB0FB009DBDC4 /* Q10D2.wav */ = {isa = PBXFileReference; lastKnownFileType = audio.wav; path = Q10D2.wav; sourceTree = "<group>"; };
		26B7BFE5246AB0FC009DBDC4 /* Q9D1.wav */ = {isa = PBXFileReference; lastKnownFileType = audio.wav; path = Q9D1.wav; sourceTree = "<group>"; };
		26B7BFE6246AB0FC009DBDC4 /* Q4D3.wav */ = {isa = PBXFileReference; lastKnownFileType = audio.wav; path = Q4D3.wav; sourceTree = "<group>"; };
		26B7BFE7246AB0FD009DBDC4 /* Q9D3.wav */ = {isa = PBXFileReference; lastKnownFileType = audio.wav; path = Q9D3.wav; sourceTree = "<group>"; };
		26B7BFE8246AB0FD009DBDC4 /* Q5Q.wav */ = {isa = PBXFileReference; lastKnownFileType = audio.wav; path = Q5Q.wav; sourceTree = "<group>"; };
		26C0169B2466E33100C0B589 /* Q1D0.wav */ = {isa = PBXFileReference; lastKnownFileType = audio.wav; path = Q1D0.wav; sourceTree = "<group>"; };
		26C0B16F2442D8F900EC1471 /* Question.swift */ = {isa = PBXFileReference; fileEncoding = 4; lastKnownFileType = sourcecode.swift; path = Question.swift; sourceTree = "<group>"; };
		26C0B1712442D94100EC1471 /* Topic.swift */ = {isa = PBXFileReference; fileEncoding = 4; lastKnownFileType = sourcecode.swift; path = Topic.swift; sourceTree = "<group>"; };
		26C0B1742442E2F000EC1471 /* RoundedView.swift */ = {isa = PBXFileReference; fileEncoding = 4; lastKnownFileType = sourcecode.swift; path = RoundedView.swift; sourceTree = "<group>"; };
		26C0B1752442E2F000EC1471 /* ToastAlert.swift */ = {isa = PBXFileReference; fileEncoding = 4; lastKnownFileType = sourcecode.swift; path = ToastAlert.swift; sourceTree = "<group>"; };
		26C0B1792442E3BD00EC1471 /* ScenarioVC.swift */ = {isa = PBXFileReference; lastKnownFileType = sourcecode.swift; path = ScenarioVC.swift; sourceTree = "<group>"; };
		26C0B17B2442E3D500EC1471 /* StoryViewController.swift */ = {isa = PBXFileReference; lastKnownFileType = sourcecode.swift; path = StoryViewController.swift; sourceTree = "<group>"; };
		26CF27C524566F230081E907 /* SymbolViewController.swift */ = {isa = PBXFileReference; lastKnownFileType = sourcecode.swift; path = SymbolViewController.swift; sourceTree = "<group>"; };
		26CF27C724566FBE0081E907 /* SymbolTableViewCell.swift */ = {isa = PBXFileReference; lastKnownFileType = sourcecode.swift; path = SymbolTableViewCell.swift; sourceTree = "<group>"; };
		26CF27C9245672590081E907 /* Symbol.swift */ = {isa = PBXFileReference; fileEncoding = 4; lastKnownFileType = sourcecode.swift; path = Symbol.swift; sourceTree = "<group>"; };
		26E0AED7243E8BEE006E9A08 /* Helping Harper.app */ = {isa = PBXFileReference; explicitFileType = wrapper.application; includeInIndex = 0; path = "Helping Harper.app"; sourceTree = BUILT_PRODUCTS_DIR; };
		26E0AEDA243E8BEE006E9A08 /* AppDelegate.swift */ = {isa = PBXFileReference; lastKnownFileType = sourcecode.swift; path = AppDelegate.swift; sourceTree = "<group>"; };
		26E0AEDC243E8BEE006E9A08 /* SceneDelegate.swift */ = {isa = PBXFileReference; lastKnownFileType = sourcecode.swift; path = SceneDelegate.swift; sourceTree = "<group>"; };
		26E0AEDE243E8BEE006E9A08 /* MainViewController.swift */ = {isa = PBXFileReference; lastKnownFileType = sourcecode.swift; path = MainViewController.swift; sourceTree = "<group>"; };
		26E0AEE1243E8BEE006E9A08 /* Base */ = {isa = PBXFileReference; lastKnownFileType = file.storyboard; name = Base; path = Base.lproj/Main.storyboard; sourceTree = "<group>"; };
		26E0AEE4243E8BEE006E9A08 /* HelpingHarper.xcdatamodel */ = {isa = PBXFileReference; lastKnownFileType = wrapper.xcdatamodel; path = HelpingHarper.xcdatamodel; sourceTree = "<group>"; };
		26E0AEE6243E8BF5006E9A08 /* Assets.xcassets */ = {isa = PBXFileReference; lastKnownFileType = folder.assetcatalog; path = Assets.xcassets; sourceTree = "<group>"; };
		26E0AEE9243E8BF5006E9A08 /* Base */ = {isa = PBXFileReference; lastKnownFileType = file.storyboard; name = Base; path = Base.lproj/LaunchScreen.storyboard; sourceTree = "<group>"; };
		26E0AEEB243E8BF5006E9A08 /* Info.plist */ = {isa = PBXFileReference; lastKnownFileType = text.plist.xml; path = Info.plist; sourceTree = "<group>"; };
		26E0AEF0243E8BF6006E9A08 /* HelpingHarperTests.xctest */ = {isa = PBXFileReference; explicitFileType = wrapper.cfbundle; includeInIndex = 0; path = HelpingHarperTests.xctest; sourceTree = BUILT_PRODUCTS_DIR; };
		26E0AEF4243E8BF6006E9A08 /* HelpingHarperTests.swift */ = {isa = PBXFileReference; lastKnownFileType = sourcecode.swift; path = HelpingHarperTests.swift; sourceTree = "<group>"; };
		26E0AEF6243E8BF6006E9A08 /* Info.plist */ = {isa = PBXFileReference; lastKnownFileType = text.plist.xml; path = Info.plist; sourceTree = "<group>"; };
		26E0AEFB243E8BF6006E9A08 /* HelpingHarperUITests.xctest */ = {isa = PBXFileReference; explicitFileType = wrapper.cfbundle; includeInIndex = 0; path = HelpingHarperUITests.xctest; sourceTree = BUILT_PRODUCTS_DIR; };
		26E0AEFF243E8BF6006E9A08 /* HelpingHarperUITests.swift */ = {isa = PBXFileReference; lastKnownFileType = sourcecode.swift; path = HelpingHarperUITests.swift; sourceTree = "<group>"; };
		26E0AF01243E8BF6006E9A08 /* Info.plist */ = {isa = PBXFileReference; lastKnownFileType = text.plist.xml; path = Info.plist; sourceTree = "<group>"; };
		26F3969A2470FE220003D6AC /* S2Q2Q.wav */ = {isa = PBXFileReference; lastKnownFileType = audio.wav; path = S2Q2Q.wav; sourceTree = "<group>"; };
		26F3969B2470FE230003D6AC /* S2Q5D1.wav */ = {isa = PBXFileReference; lastKnownFileType = audio.wav; path = S2Q5D1.wav; sourceTree = "<group>"; };
		26F3969C2470FE230003D6AC /* S2Q4Q.wav */ = {isa = PBXFileReference; lastKnownFileType = audio.wav; path = S2Q4Q.wav; sourceTree = "<group>"; };
		26F3969D2470FE240003D6AC /* S2Q4D1.wav */ = {isa = PBXFileReference; lastKnownFileType = audio.wav; path = S2Q4D1.wav; sourceTree = "<group>"; };
		26F3969E2470FE240003D6AC /* S2Q1D3.wav */ = {isa = PBXFileReference; lastKnownFileType = audio.wav; path = S2Q1D3.wav; sourceTree = "<group>"; };
		26F3969F2470FE250003D6AC /* S2Q2D4.wav */ = {isa = PBXFileReference; lastKnownFileType = audio.wav; path = S2Q2D4.wav; sourceTree = "<group>"; };
		26F396A02470FE250003D6AC /* S2Q7D1.wav */ = {isa = PBXFileReference; lastKnownFileType = audio.wav; path = S2Q7D1.wav; sourceTree = "<group>"; };
		26F396A12470FE260003D6AC /* S2Q7D3.wav */ = {isa = PBXFileReference; lastKnownFileType = audio.wav; path = S2Q7D3.wav; sourceTree = "<group>"; };
		26F396A22470FE260003D6AC /* S2Q4D3.wav */ = {isa = PBXFileReference; lastKnownFileType = audio.wav; path = S2Q4D3.wav; sourceTree = "<group>"; };
		26F396A32470FE270003D6AC /* S2Q1Q.wav */ = {isa = PBXFileReference; lastKnownFileType = audio.wav; path = S2Q1Q.wav; sourceTree = "<group>"; };
		26F396A42470FE270003D6AC /* S2Q10D1.wav */ = {isa = PBXFileReference; lastKnownFileType = audio.wav; path = S2Q10D1.wav; sourceTree = "<group>"; };
		26F396A52470FE280003D6AC /* S2Q1D4.wav */ = {isa = PBXFileReference; lastKnownFileType = audio.wav; path = S2Q1D4.wav; sourceTree = "<group>"; };
		26F396A62470FE280003D6AC /* S2Q2D1.wav */ = {isa = PBXFileReference; lastKnownFileType = audio.wav; path = S2Q2D1.wav; sourceTree = "<group>"; };
		26F396A72470FE290003D6AC /* S2Q2D2.wav */ = {isa = PBXFileReference; lastKnownFileType = audio.wav; path = S2Q2D2.wav; sourceTree = "<group>"; };
		26F396A82470FE290003D6AC /* S2Q6D1.wav */ = {isa = PBXFileReference; lastKnownFileType = audio.wav; path = S2Q6D1.wav; sourceTree = "<group>"; };
		26F396A92470FE2A0003D6AC /* S2Q8D1.wav */ = {isa = PBXFileReference; lastKnownFileType = audio.wav; path = S2Q8D1.wav; sourceTree = "<group>"; };
		26F396AA2470FE2A0003D6AC /* S2Q5Q.wav */ = {isa = PBXFileReference; lastKnownFileType = audio.wav; path = S2Q5Q.wav; sourceTree = "<group>"; };
		26F396AB2470FE2B0003D6AC /* S2Q7Q.wav */ = {isa = PBXFileReference; lastKnownFileType = audio.wav; path = S2Q7Q.wav; sourceTree = "<group>"; };
		26F396AC2470FE2B0003D6AC /* S2Q2D3.wav */ = {isa = PBXFileReference; lastKnownFileType = audio.wav; path = S2Q2D3.wav; sourceTree = "<group>"; };
		26F396AD2470FE2C0003D6AC /* S2Q8Q.wav */ = {isa = PBXFileReference; lastKnownFileType = audio.wav; path = S2Q8Q.wav; sourceTree = "<group>"; };
		26F396AE2470FE2D0003D6AC /* S2Q9Q.wav */ = {isa = PBXFileReference; lastKnownFileType = audio.wav; path = S2Q9Q.wav; sourceTree = "<group>"; };
		26F396AF2470FE2D0003D6AC /* S2Q10Q.wav */ = {isa = PBXFileReference; lastKnownFileType = audio.wav; path = S2Q10Q.wav; sourceTree = "<group>"; };
		26F396B02470FE2E0003D6AC /* S2Q4D2.wav */ = {isa = PBXFileReference; lastKnownFileType = audio.wav; path = S2Q4D2.wav; sourceTree = "<group>"; };
		26F396B12470FE2E0003D6AC /* S2Q3D1.wav */ = {isa = PBXFileReference; lastKnownFileType = audio.wav; path = S2Q3D1.wav; sourceTree = "<group>"; };
		26F396B22470FE2F0003D6AC /* S2Q1D2.wav */ = {isa = PBXFileReference; lastKnownFileType = audio.wav; path = S2Q1D2.wav; sourceTree = "<group>"; };
		26F396B32470FE2F0003D6AC /* S2Q9D1.wav */ = {isa = PBXFileReference; lastKnownFileType = audio.wav; path = S2Q9D1.wav; sourceTree = "<group>"; };
		26F396B42470FE300003D6AC /* S2Q7D2.wav */ = {isa = PBXFileReference; lastKnownFileType = audio.wav; path = S2Q7D2.wav; sourceTree = "<group>"; };
		26F396B52470FE310003D6AC /* S2Q4D4.wav */ = {isa = PBXFileReference; lastKnownFileType = audio.wav; path = S2Q4D4.wav; sourceTree = "<group>"; };
		26F396B62470FE320003D6AC /* S2Q1D1.wav */ = {isa = PBXFileReference; lastKnownFileType = audio.wav; path = S2Q1D1.wav; sourceTree = "<group>"; };
		26F396D424714EDE0003D6AC /* Loli.mp3 */ = {isa = PBXFileReference; lastKnownFileType = audio.mp3; path = Loli.mp3; sourceTree = "<group>"; };
		26F7EC5F245FEE0000567FFA /* in-a-dream.wav */ = {isa = PBXFileReference; lastKnownFileType = audio.wav; path = "in-a-dream.wav"; sourceTree = "<group>"; };
		26F7EC61245FF31C00567FFA /* harper_audio_test.wav */ = {isa = PBXFileReference; lastKnownFileType = audio.wav; path = harper_audio_test.wav; sourceTree = "<group>"; };
		26FE146D2442FC800008BA1E /* ScenarioTableViewCell.swift */ = {isa = PBXFileReference; lastKnownFileType = sourcecode.swift; path = ScenarioTableViewCell.swift; sourceTree = "<group>"; };
		26FE146F24433EFC0008BA1E /* StoryTableViewCell.swift */ = {isa = PBXFileReference; lastKnownFileType = sourcecode.swift; path = StoryTableViewCell.swift; sourceTree = "<group>"; };
		26FE14712443420E0008BA1E /* QuestionViewController.swift */ = {isa = PBXFileReference; lastKnownFileType = sourcecode.swift; path = QuestionViewController.swift; sourceTree = "<group>"; };
		2E14931CDD36383DADE73391 /* Pods-HelpingHarper.debug.xcconfig */ = {isa = PBXFileReference; includeInIndex = 1; lastKnownFileType = text.xcconfig; name = "Pods-HelpingHarper.debug.xcconfig"; path = "Target Support Files/Pods-HelpingHarper/Pods-HelpingHarper.debug.xcconfig"; sourceTree = "<group>"; };
		36812B9240C9B0B4EE01B844 /* Pods-HelpingHarperTests.release.xcconfig */ = {isa = PBXFileReference; includeInIndex = 1; lastKnownFileType = text.xcconfig; name = "Pods-HelpingHarperTests.release.xcconfig"; path = "Target Support Files/Pods-HelpingHarperTests/Pods-HelpingHarperTests.release.xcconfig"; sourceTree = "<group>"; };
		408BD9D202DA754BAE3F06D9 /* Pods_HelpingHarper_HelpingHarperUITests.framework */ = {isa = PBXFileReference; explicitFileType = wrapper.framework; includeInIndex = 0; path = Pods_HelpingHarper_HelpingHarperUITests.framework; sourceTree = BUILT_PRODUCTS_DIR; };
		58DFC20AA6FC900CD0BB7D42 /* Pods-HelpingHarperTests.debug.xcconfig */ = {isa = PBXFileReference; includeInIndex = 1; lastKnownFileType = text.xcconfig; name = "Pods-HelpingHarperTests.debug.xcconfig"; path = "Target Support Files/Pods-HelpingHarperTests/Pods-HelpingHarperTests.debug.xcconfig"; sourceTree = "<group>"; };
		97CBAC7DBABF2237A0EC782F /* Pods_HelpingHarper.framework */ = {isa = PBXFileReference; explicitFileType = wrapper.framework; includeInIndex = 0; path = Pods_HelpingHarper.framework; sourceTree = BUILT_PRODUCTS_DIR; };
		EF81802E92E640BF8C1D878B /* Pods-HelpingHarper-HelpingHarperUITests.release.xcconfig */ = {isa = PBXFileReference; includeInIndex = 1; lastKnownFileType = text.xcconfig; name = "Pods-HelpingHarper-HelpingHarperUITests.release.xcconfig"; path = "Target Support Files/Pods-HelpingHarper-HelpingHarperUITests/Pods-HelpingHarper-HelpingHarperUITests.release.xcconfig"; sourceTree = "<group>"; };
		F5B30BE04ACCDF452D8C4A60 /* Pods_HelpingHarperTests.framework */ = {isa = PBXFileReference; explicitFileType = wrapper.framework; includeInIndex = 0; path = Pods_HelpingHarperTests.framework; sourceTree = BUILT_PRODUCTS_DIR; };
		FA3D48CAFC0EFD81352A6C91 /* Pods-HelpingHarper.release.xcconfig */ = {isa = PBXFileReference; includeInIndex = 1; lastKnownFileType = text.xcconfig; name = "Pods-HelpingHarper.release.xcconfig"; path = "Target Support Files/Pods-HelpingHarper/Pods-HelpingHarper.release.xcconfig"; sourceTree = "<group>"; };
/* End PBXFileReference section */

/* Begin PBXFrameworksBuildPhase section */
		26E0AED4243E8BEE006E9A08 /* Frameworks */ = {
			isa = PBXFrameworksBuildPhase;
			buildActionMask = 2147483647;
			files = (
				AA26F9A9DF4FA8438AC77612 /* Pods_HelpingHarper.framework in Frameworks */,
			);
			runOnlyForDeploymentPostprocessing = 0;
		};
		26E0AEED243E8BF6006E9A08 /* Frameworks */ = {
			isa = PBXFrameworksBuildPhase;
			buildActionMask = 2147483647;
			files = (
				920FB160F0313DC6D703322B /* Pods_HelpingHarperTests.framework in Frameworks */,
			);
			runOnlyForDeploymentPostprocessing = 0;
		};
		26E0AEF8243E8BF6006E9A08 /* Frameworks */ = {
			isa = PBXFrameworksBuildPhase;
			buildActionMask = 2147483647;
			files = (
				053EF5453ADF978B6FEC4A4D /* Pods_HelpingHarper_HelpingHarperUITests.framework in Frameworks */,
			);
			runOnlyForDeploymentPostprocessing = 0;
		};
/* End PBXFrameworksBuildPhase section */

/* Begin PBXGroup section */
		0EA9C55AA36EB7F51A2E7491 /* Frameworks */ = {
			isa = PBXGroup;
			children = (
				97CBAC7DBABF2237A0EC782F /* Pods_HelpingHarper.framework */,
				408BD9D202DA754BAE3F06D9 /* Pods_HelpingHarper_HelpingHarperUITests.framework */,
				F5B30BE04ACCDF452D8C4A60 /* Pods_HelpingHarperTests.framework */,
			);
			name = Frameworks;
			sourceTree = "<group>";
		};
		26164F0A2446C34F00BE32FB /* Utils */ = {
			isa = PBXGroup;
			children = (
				26164F0B2446C37E00BE32FB /* Constants.swift */,
				26164F0D2446C4E900BE32FB /* NetworkingClient.swift */,
				266478D5244D477200295619 /* UserDefaultsManager.swift */,
				266478D7244D479E00295619 /* PreferencesManager.swift */,
				266478D9244D78EF00295619 /* FeedbackGenerator.swift */,
				262FE486246EC54000C96DD7 /* AudioSound.swift */,
				262FE488246EC66A00C96DD7 /* ApplyProtocol.swift */,
			);
			path = Utils;
			sourceTree = "<group>";
		};
		266478D2244D464C00295619 /* Extensions */ = {
			isa = PBXGroup;
			children = (
				266478D3244D466B00295619 /* Colors+Extension.swift */,
				262FE48A246EC75F00C96DD7 /* Apply+Extension.swift */,
			);
			path = Extensions;
			sourceTree = "<group>";
		};
		266478DB244D807400295619 /* Resources */ = {
			isa = PBXGroup;
			children = (
				262FE48C246EC81C00C96DD7 /* rainy-sun.wav */,
				26F7EC5F245FEE0000567FFA /* in-a-dream.wav */,
				26F396D424714EDE0003D6AC /* Loli.mp3 */,
				26F7EC61245FF31C00567FFA /* harper_audio_test.wav */,
				26B7BFCD246AB0F4009DBDC4 /* Q1D1.wav */,
				26B7BFE3246AB0FB009DBDC4 /* Q1D2.wav */,
				26B7BFCE246AB0F4009DBDC4 /* Q1Q.wav */,
				26B7BFD8246AB0F7009DBDC4 /* Q2D1.wav */,
				26B7BFCB246AB0F3009DBDC4 /* Q2D2.wav */,
				26B7BFDB246AB0F8009DBDC4 /* Q2Q.wav */,
				26B7BFE0246AB0FA009DBDC4 /* Q3D1.wav */,
				26B7BFD6246AB0F6009DBDC4 /* Q3D2.wav */,
				26B7BFCA246AB0F3009DBDC4 /* Q3Q.wav */,
				26B7BFCC246AB0F3009DBDC4 /* Q4D1.wav */,
				26B7BFDF246AB0F9009DBDC4 /* Q4D2.wav */,
				26B7BFE6246AB0FC009DBDC4 /* Q4D3.wav */,
				26B7BFD0246AB0F5009DBDC4 /* Q4Q.wav */,
				26B7BFD3246AB0F5009DBDC4 /* Q5D1.wav */,
				26B7BFE8246AB0FD009DBDC4 /* Q5Q.wav */,
				26B7BFDE246AB0F9009DBDC4 /* Q6D1.wav */,
				26B7BFD7246AB0F7009DBDC4 /* Q6D2.wav */,
				26B7BFDD246AB0F9009DBDC4 /* Q7D1.wav */,
				26B7BFCF246AB0F4009DBDC4 /* Q7D2.wav */,
				26B7BFD1246AB0F5009DBDC4 /* Q7Q.wav */,
				26B7BFDA246AB0F8009DBDC4 /* Q8D1.wav */,
				26B7BFD4246AB0F6009DBDC4 /* Q8Q.wav */,
				26B7BFE5246AB0FC009DBDC4 /* Q9D1.wav */,
				26B7BFE1246AB0FA009DBDC4 /* Q9D2.wav */,
				26B7BFE7246AB0FD009DBDC4 /* Q9D3.wav */,
				26B7BFE2246AB0FB009DBDC4 /* Q9Q.wav */,
				26B7BFD9246AB0F7009DBDC4 /* Q10D1.wav */,
				26B7BFE4246AB0FB009DBDC4 /* Q10D2.wav */,
				26B7BFD5246AB0F6009DBDC4 /* Q10D3.wav */,
				26B7BFD2246AB0F5009DBDC4 /* Q10D4.wav */,
				26B7BFDC246AB0F8009DBDC4 /* Q10Q.wav */,
				26C0169B2466E33100C0B589 /* Q1D0.wav */,
				26F396B62470FE320003D6AC /* S2Q1D1.wav */,
				26F396B22470FE2F0003D6AC /* S2Q1D2.wav */,
				26F3969E2470FE240003D6AC /* S2Q1D3.wav */,
				26F396A52470FE280003D6AC /* S2Q1D4.wav */,
				26F396A32470FE270003D6AC /* S2Q1Q.wav */,
				26F396A62470FE280003D6AC /* S2Q2D1.wav */,
				26F396A72470FE290003D6AC /* S2Q2D2.wav */,
				26F396AC2470FE2B0003D6AC /* S2Q2D3.wav */,
				26F3969F2470FE250003D6AC /* S2Q2D4.wav */,
				26F3969A2470FE220003D6AC /* S2Q2Q.wav */,
				26F396B12470FE2E0003D6AC /* S2Q3D1.wav */,
				26F3969D2470FE240003D6AC /* S2Q4D1.wav */,
				26F396B02470FE2E0003D6AC /* S2Q4D2.wav */,
				26F396A22470FE260003D6AC /* S2Q4D3.wav */,
				26F396B52470FE310003D6AC /* S2Q4D4.wav */,
				26F3969C2470FE230003D6AC /* S2Q4Q.wav */,
				26F3969B2470FE230003D6AC /* S2Q5D1.wav */,
				26F396AA2470FE2A0003D6AC /* S2Q5Q.wav */,
				26F396A82470FE290003D6AC /* S2Q6D1.wav */,
				26F396A02470FE250003D6AC /* S2Q7D1.wav */,
				26F396B42470FE300003D6AC /* S2Q7D2.wav */,
				26F396A12470FE260003D6AC /* S2Q7D3.wav */,
				26F396AB2470FE2B0003D6AC /* S2Q7Q.wav */,
				26F396A92470FE2A0003D6AC /* S2Q8D1.wav */,
				26F396AD2470FE2C0003D6AC /* S2Q8Q.wav */,
				26F396B32470FE2F0003D6AC /* S2Q9D1.wav */,
				26F396AE2470FE2D0003D6AC /* S2Q9Q.wav */,
				26F396A42470FE270003D6AC /* S2Q10D1.wav */,
				26F396AF2470FE2D0003D6AC /* S2Q10Q.wav */,
			);
			path = Resources;
			sourceTree = "<group>";
		};
		26C0B16E2442D89C00EC1471 /* Model */ = {
			isa = PBXGroup;
			children = (
				26CF27C9245672590081E907 /* Symbol.swift */,
				26C0B16F2442D8F900EC1471 /* Question.swift */,
				26C0B1712442D94100EC1471 /* Topic.swift */,
				26164F0F2447226200BE32FB /* Scenario.swift */,
				2638CECE244841BB00FD2CCD /* Story.swift */,
				2638CED02448550C00FD2CCD /* QuestionSetup.swift */,
				2638CED22448559600FD2CCD /* Answer.swift */,
				266478D0244AEA4300295619 /* QuestionData.swift */,
			);
			path = Model;
			sourceTree = "<group>";
		};
		26C0B1732442E2C600EC1471 /* Supporting Views */ = {
			isa = PBXGroup;
			children = (
				26C0B1742442E2F000EC1471 /* RoundedView.swift */,
				265D9D992450558B00F9766F /* OnboardingView.swift */,
				26C0B1752442E2F000EC1471 /* ToastAlert.swift */,
				26AEA52E244346A300354567 /* CustomNavController.swift */,
			);
			path = "Supporting Views";
			sourceTree = "<group>";
		};
		26C0B1782442E38C00EC1471 /* View Controller */ = {
			isa = PBXGroup;
			children = (
				26E0AEDE243E8BEE006E9A08 /* MainViewController.swift */,
				26C0B1792442E3BD00EC1471 /* ScenarioVC.swift */,
				26CF27C524566F230081E907 /* SymbolViewController.swift */,
				265D9D972450535F00F9766F /* SetupScreenViewController.swift */,
				26C0B17B2442E3D500EC1471 /* StoryViewController.swift */,
				26FE14712443420E0008BA1E /* QuestionViewController.swift */,
			);
			path = "View Controller";
			sourceTree = "<group>";
		};
		26E0AECE243E8BEE006E9A08 = {
			isa = PBXGroup;
			children = (
				26E0AED9243E8BEE006E9A08 /* HelpingHarper */,
				26E0AEF3243E8BF6006E9A08 /* HelpingHarperTests */,
				26E0AEFE243E8BF6006E9A08 /* HelpingHarperUITests */,
				26E0AED8243E8BEE006E9A08 /* Products */,
				D59FC727D62DA89F972BE940 /* Pods */,
				0EA9C55AA36EB7F51A2E7491 /* Frameworks */,
			);
			sourceTree = "<group>";
		};
		26E0AED8243E8BEE006E9A08 /* Products */ = {
			isa = PBXGroup;
			children = (
				26E0AED7243E8BEE006E9A08 /* Helping Harper.app */,
				26E0AEF0243E8BF6006E9A08 /* HelpingHarperTests.xctest */,
				26E0AEFB243E8BF6006E9A08 /* HelpingHarperUITests.xctest */,
			);
			name = Products;
			sourceTree = "<group>";
		};
		26E0AED9243E8BEE006E9A08 /* HelpingHarper */ = {
			isa = PBXGroup;
			children = (
				266478DB244D807400295619 /* Resources */,
				266478D2244D464C00295619 /* Extensions */,
				26164F0A2446C34F00BE32FB /* Utils */,
				26FE146C2442FC4C0008BA1E /* Cells */,
				26C0B1782442E38C00EC1471 /* View Controller */,
				26C0B1732442E2C600EC1471 /* Supporting Views */,
				26C0B16E2442D89C00EC1471 /* Model */,
				26E0AEDA243E8BEE006E9A08 /* AppDelegate.swift */,
				26E0AEDC243E8BEE006E9A08 /* SceneDelegate.swift */,
				26E0AEE0243E8BEE006E9A08 /* Main.storyboard */,
				26E0AEE6243E8BF5006E9A08 /* Assets.xcassets */,
				26E0AEE8243E8BF5006E9A08 /* LaunchScreen.storyboard */,
				26E0AEEB243E8BF5006E9A08 /* Info.plist */,
				26E0AEE3243E8BEE006E9A08 /* HelpingHarper.xcdatamodeld */,
			);
			path = HelpingHarper;
			sourceTree = "<group>";
		};
		26E0AEF3243E8BF6006E9A08 /* HelpingHarperTests */ = {
			isa = PBXGroup;
			children = (
				26E0AEF4243E8BF6006E9A08 /* HelpingHarperTests.swift */,
				26E0AEF6243E8BF6006E9A08 /* Info.plist */,
			);
			path = HelpingHarperTests;
			sourceTree = "<group>";
		};
		26E0AEFE243E8BF6006E9A08 /* HelpingHarperUITests */ = {
			isa = PBXGroup;
			children = (
				26E0AEFF243E8BF6006E9A08 /* HelpingHarperUITests.swift */,
				26E0AF01243E8BF6006E9A08 /* Info.plist */,
			);
			path = HelpingHarperUITests;
			sourceTree = "<group>";
		};
		26FE146C2442FC4C0008BA1E /* Cells */ = {
			isa = PBXGroup;
			children = (
				26FE146D2442FC800008BA1E /* ScenarioTableViewCell.swift */,
				26FE146F24433EFC0008BA1E /* StoryTableViewCell.swift */,
				26CF27C724566FBE0081E907 /* SymbolTableViewCell.swift */,
			);
			path = Cells;
			sourceTree = "<group>";
		};
		D59FC727D62DA89F972BE940 /* Pods */ = {
			isa = PBXGroup;
			children = (
				2E14931CDD36383DADE73391 /* Pods-HelpingHarper.debug.xcconfig */,
				FA3D48CAFC0EFD81352A6C91 /* Pods-HelpingHarper.release.xcconfig */,
				18D1D081CD31AF3EA924D34D /* Pods-HelpingHarper-HelpingHarperUITests.debug.xcconfig */,
				EF81802E92E640BF8C1D878B /* Pods-HelpingHarper-HelpingHarperUITests.release.xcconfig */,
				58DFC20AA6FC900CD0BB7D42 /* Pods-HelpingHarperTests.debug.xcconfig */,
				36812B9240C9B0B4EE01B844 /* Pods-HelpingHarperTests.release.xcconfig */,
			);
			path = Pods;
			sourceTree = "<group>";
		};
/* End PBXGroup section */

/* Begin PBXNativeTarget section */
		26E0AED6243E8BEE006E9A08 /* HelpingHarper */ = {
			isa = PBXNativeTarget;
			buildConfigurationList = 26E0AF04243E8BF6006E9A08 /* Build configuration list for PBXNativeTarget "HelpingHarper" */;
			buildPhases = (
				3CD652854C7076B10FEB7689 /* [CP] Check Pods Manifest.lock */,
				26E0AED3243E8BEE006E9A08 /* Sources */,
				26E0AED4243E8BEE006E9A08 /* Frameworks */,
				26E0AED5243E8BEE006E9A08 /* Resources */,
				80E620B3E8BB25DAEF0B4418 /* [CP] Embed Pods Frameworks */,
			);
			buildRules = (
			);
			dependencies = (
			);
			name = HelpingHarper;
			productName = HelpingHarper;
			productReference = 26E0AED7243E8BEE006E9A08 /* Helping Harper.app */;
			productType = "com.apple.product-type.application";
		};
		26E0AEEF243E8BF6006E9A08 /* HelpingHarperTests */ = {
			isa = PBXNativeTarget;
			buildConfigurationList = 26E0AF07243E8BF6006E9A08 /* Build configuration list for PBXNativeTarget "HelpingHarperTests" */;
			buildPhases = (
				4E8277DCECBC35F978D4AB61 /* [CP] Check Pods Manifest.lock */,
				26E0AEEC243E8BF6006E9A08 /* Sources */,
				26E0AEED243E8BF6006E9A08 /* Frameworks */,
				26E0AEEE243E8BF6006E9A08 /* Resources */,
			);
			buildRules = (
			);
			dependencies = (
				26E0AEF2243E8BF6006E9A08 /* PBXTargetDependency */,
			);
			name = HelpingHarperTests;
			productName = HelpingHarperTests;
			productReference = 26E0AEF0243E8BF6006E9A08 /* HelpingHarperTests.xctest */;
			productType = "com.apple.product-type.bundle.unit-test";
		};
		26E0AEFA243E8BF6006E9A08 /* HelpingHarperUITests */ = {
			isa = PBXNativeTarget;
			buildConfigurationList = 26E0AF0A243E8BF6006E9A08 /* Build configuration list for PBXNativeTarget "HelpingHarperUITests" */;
			buildPhases = (
				A94318E5E9D8EFF80D090660 /* [CP] Check Pods Manifest.lock */,
				26E0AEF7243E8BF6006E9A08 /* Sources */,
				26E0AEF8243E8BF6006E9A08 /* Frameworks */,
				26E0AEF9243E8BF6006E9A08 /* Resources */,
				7C9E6813AF909C9BC5F1C8DF /* [CP] Embed Pods Frameworks */,
			);
			buildRules = (
			);
			dependencies = (
				26E0AEFD243E8BF6006E9A08 /* PBXTargetDependency */,
			);
			name = HelpingHarperUITests;
			productName = HelpingHarperUITests;
			productReference = 26E0AEFB243E8BF6006E9A08 /* HelpingHarperUITests.xctest */;
			productType = "com.apple.product-type.bundle.ui-testing";
		};
/* End PBXNativeTarget section */

/* Begin PBXProject section */
		26E0AECF243E8BEE006E9A08 /* Project object */ = {
			isa = PBXProject;
			attributes = {
				LastSwiftUpdateCheck = 1140;
				LastUpgradeCheck = 1140;
				ORGANIZATIONNAME = HelpingHarper;
				TargetAttributes = {
					26E0AED6243E8BEE006E9A08 = {
						CreatedOnToolsVersion = 11.4;
					};
					26E0AEEF243E8BF6006E9A08 = {
						CreatedOnToolsVersion = 11.4;
						TestTargetID = 26E0AED6243E8BEE006E9A08;
					};
					26E0AEFA243E8BF6006E9A08 = {
						CreatedOnToolsVersion = 11.4;
						TestTargetID = 26E0AED6243E8BEE006E9A08;
					};
				};
			};
			buildConfigurationList = 26E0AED2243E8BEE006E9A08 /* Build configuration list for PBXProject "HelpingHarper" */;
			compatibilityVersion = "Xcode 9.3";
			developmentRegion = en;
			hasScannedForEncodings = 0;
			knownRegions = (
				en,
				Base,
			);
			mainGroup = 26E0AECE243E8BEE006E9A08;
			productRefGroup = 26E0AED8243E8BEE006E9A08 /* Products */;
			projectDirPath = "";
			projectRoot = "";
			targets = (
				26E0AED6243E8BEE006E9A08 /* HelpingHarper */,
				26E0AEEF243E8BF6006E9A08 /* HelpingHarperTests */,
				26E0AEFA243E8BF6006E9A08 /* HelpingHarperUITests */,
			);
		};
/* End PBXProject section */

/* Begin PBXResourcesBuildPhase section */
		26E0AED5243E8BEE006E9A08 /* Resources */ = {
			isa = PBXResourcesBuildPhase;
			buildActionMask = 2147483647;
			files = (
				26B7BFF8246AB0FD009DBDC4 /* Q10D1.wav in Resources */,
				26B7C004246AB0FD009DBDC4 /* Q9D1.wav in Resources */,
				26B7BFF3246AB0FD009DBDC4 /* Q8Q.wav in Resources */,
				26B7BFF6246AB0FD009DBDC4 /* Q6D2.wav in Resources */,
				26B7BFED246AB0FD009DBDC4 /* Q1Q.wav in Resources */,
				26FE146B2442E70B0008BA1E /* Main.storyboard in Resources */,
				26F396BC2470FE320003D6AC /* S2Q2D4.wav in Resources */,
				26B7BFFF246AB0FD009DBDC4 /* Q3D1.wav in Resources */,
				26F396B72470FE320003D6AC /* S2Q2Q.wav in Resources */,
				26C0169C2466E33200C0B589 /* Q1D0.wav in Resources */,
				26F396D524714EDE0003D6AC /* Loli.mp3 in Resources */,
				26F396D02470FE320003D6AC /* S2Q9D1.wav in Resources */,
				26F396CB2470FE320003D6AC /* S2Q9Q.wav in Resources */,
				26F396BB2470FE320003D6AC /* S2Q1D3.wav in Resources */,
				26F396D32470FE320003D6AC /* S2Q1D1.wav in Resources */,
				26F7EC60245FEE0000567FFA /* in-a-dream.wav in Resources */,
				26B7BFF0246AB0FD009DBDC4 /* Q7Q.wav in Resources */,
				26F396C32470FE320003D6AC /* S2Q2D1.wav in Resources */,
				26F396C02470FE320003D6AC /* S2Q1Q.wav in Resources */,
				26B7BFEF246AB0FD009DBDC4 /* Q4Q.wav in Resources */,
				26B7BFE9246AB0FD009DBDC4 /* Q3Q.wav in Resources */,
				26B7BFF5246AB0FD009DBDC4 /* Q3D2.wav in Resources */,
				26F396B82470FE320003D6AC /* S2Q5D1.wav in Resources */,
				26B7C006246AB0FD009DBDC4 /* Q9D3.wav in Resources */,
				26F396C22470FE320003D6AC /* S2Q1D4.wav in Resources */,
				26B7BFFB246AB0FD009DBDC4 /* Q10Q.wav in Resources */,
				26B7BFF4246AB0FD009DBDC4 /* Q10D3.wav in Resources */,
				26B7BFEB246AB0FD009DBDC4 /* Q4D1.wav in Resources */,
				26E0AEEA243E8BF5006E9A08 /* LaunchScreen.storyboard in Resources */,
				26F396CE2470FE320003D6AC /* S2Q3D1.wav in Resources */,
				26F396C62470FE320003D6AC /* S2Q8D1.wav in Resources */,
				26B7C000246AB0FD009DBDC4 /* Q9D2.wav in Resources */,
				26F396C72470FE320003D6AC /* S2Q5Q.wav in Resources */,
				26B7BFF9246AB0FD009DBDC4 /* Q8D1.wav in Resources */,
				26B7BFFA246AB0FD009DBDC4 /* Q2Q.wav in Resources */,
				26B7BFFC246AB0FD009DBDC4 /* Q7D1.wav in Resources */,
				26B7BFEC246AB0FD009DBDC4 /* Q1D1.wav in Resources */,
				26B7BFEA246AB0FD009DBDC4 /* Q2D2.wav in Resources */,
				26B7BFF1246AB0FD009DBDC4 /* Q10D4.wav in Resources */,
				26F396BF2470FE320003D6AC /* S2Q4D3.wav in Resources */,
				26F396C82470FE320003D6AC /* S2Q7Q.wav in Resources */,
				26E0AEE7243E8BF5006E9A08 /* Assets.xcassets in Resources */,
				26F396CF2470FE320003D6AC /* S2Q1D2.wav in Resources */,
				26B7BFFD246AB0FD009DBDC4 /* Q6D1.wav in Resources */,
				26B7C007246AB0FD009DBDC4 /* Q5Q.wav in Resources */,
				26B7BFEE246AB0FD009DBDC4 /* Q7D2.wav in Resources */,
				26F396C12470FE320003D6AC /* S2Q10D1.wav in Resources */,
				26F396C92470FE320003D6AC /* S2Q2D3.wav in Resources */,
				26F396BA2470FE320003D6AC /* S2Q4D1.wav in Resources */,
				26F396BD2470FE320003D6AC /* S2Q7D1.wav in Resources */,
				26F396CD2470FE320003D6AC /* S2Q4D2.wav in Resources */,
				262FE48D246EC81C00C96DD7 /* rainy-sun.wav in Resources */,
				26F7EC62245FF31C00567FFA /* harper_audio_test.wav in Resources */,
				26B7BFF7246AB0FD009DBDC4 /* Q2D1.wav in Resources */,
				26F396D22470FE320003D6AC /* S2Q4D4.wav in Resources */,
				26B7C001246AB0FD009DBDC4 /* Q9Q.wav in Resources */,
				26F396C42470FE320003D6AC /* S2Q2D2.wav in Resources */,
				26B7C002246AB0FD009DBDC4 /* Q1D2.wav in Resources */,
				26B7C005246AB0FD009DBDC4 /* Q4D3.wav in Resources */,
				26F396B92470FE320003D6AC /* S2Q4Q.wav in Resources */,
				26F396BE2470FE320003D6AC /* S2Q7D3.wav in Resources */,
				26F396CC2470FE320003D6AC /* S2Q10Q.wav in Resources */,
				26B7BFF2246AB0FD009DBDC4 /* Q5D1.wav in Resources */,
				26F396CA2470FE320003D6AC /* S2Q8Q.wav in Resources */,
				26F396C52470FE320003D6AC /* S2Q6D1.wav in Resources */,
				26B7BFFE246AB0FD009DBDC4 /* Q4D2.wav in Resources */,
				26B7C003246AB0FD009DBDC4 /* Q10D2.wav in Resources */,
				26F396D12470FE320003D6AC /* S2Q7D2.wav in Resources */,
			);
			runOnlyForDeploymentPostprocessing = 0;
		};
		26E0AEEE243E8BF6006E9A08 /* Resources */ = {
			isa = PBXResourcesBuildPhase;
			buildActionMask = 2147483647;
			files = (
			);
			runOnlyForDeploymentPostprocessing = 0;
		};
		26E0AEF9243E8BF6006E9A08 /* Resources */ = {
			isa = PBXResourcesBuildPhase;
			buildActionMask = 2147483647;
			files = (
			);
			runOnlyForDeploymentPostprocessing = 0;
		};
/* End PBXResourcesBuildPhase section */

/* Begin PBXShellScriptBuildPhase section */
		3CD652854C7076B10FEB7689 /* [CP] Check Pods Manifest.lock */ = {
			isa = PBXShellScriptBuildPhase;
			buildActionMask = 2147483647;
			files = (
			);
			inputFileListPaths = (
			);
			inputPaths = (
				"${PODS_PODFILE_DIR_PATH}/Podfile.lock",
				"${PODS_ROOT}/Manifest.lock",
			);
			name = "[CP] Check Pods Manifest.lock";
			outputFileListPaths = (
			);
			outputPaths = (
				"$(DERIVED_FILE_DIR)/Pods-HelpingHarper-checkManifestLockResult.txt",
			);
			runOnlyForDeploymentPostprocessing = 0;
			shellPath = /bin/sh;
			shellScript = "diff \"${PODS_PODFILE_DIR_PATH}/Podfile.lock\" \"${PODS_ROOT}/Manifest.lock\" > /dev/null\nif [ $? != 0 ] ; then\n    # print error to STDERR\n    echo \"error: The sandbox is not in sync with the Podfile.lock. Run 'pod install' or update your CocoaPods installation.\" >&2\n    exit 1\nfi\n# This output is used by Xcode 'outputs' to avoid re-running this script phase.\necho \"SUCCESS\" > \"${SCRIPT_OUTPUT_FILE_0}\"\n";
			showEnvVarsInLog = 0;
		};
		4E8277DCECBC35F978D4AB61 /* [CP] Check Pods Manifest.lock */ = {
			isa = PBXShellScriptBuildPhase;
			buildActionMask = 2147483647;
			files = (
			);
			inputFileListPaths = (
			);
			inputPaths = (
				"${PODS_PODFILE_DIR_PATH}/Podfile.lock",
				"${PODS_ROOT}/Manifest.lock",
			);
			name = "[CP] Check Pods Manifest.lock";
			outputFileListPaths = (
			);
			outputPaths = (
				"$(DERIVED_FILE_DIR)/Pods-HelpingHarperTests-checkManifestLockResult.txt",
			);
			runOnlyForDeploymentPostprocessing = 0;
			shellPath = /bin/sh;
			shellScript = "diff \"${PODS_PODFILE_DIR_PATH}/Podfile.lock\" \"${PODS_ROOT}/Manifest.lock\" > /dev/null\nif [ $? != 0 ] ; then\n    # print error to STDERR\n    echo \"error: The sandbox is not in sync with the Podfile.lock. Run 'pod install' or update your CocoaPods installation.\" >&2\n    exit 1\nfi\n# This output is used by Xcode 'outputs' to avoid re-running this script phase.\necho \"SUCCESS\" > \"${SCRIPT_OUTPUT_FILE_0}\"\n";
			showEnvVarsInLog = 0;
		};
		7C9E6813AF909C9BC5F1C8DF /* [CP] Embed Pods Frameworks */ = {
			isa = PBXShellScriptBuildPhase;
			buildActionMask = 2147483647;
			files = (
			);
			inputFileListPaths = (
				"${PODS_ROOT}/Target Support Files/Pods-HelpingHarper-HelpingHarperUITests/Pods-HelpingHarper-HelpingHarperUITests-frameworks-${CONFIGURATION}-input-files.xcfilelist",
			);
			name = "[CP] Embed Pods Frameworks";
			outputFileListPaths = (
				"${PODS_ROOT}/Target Support Files/Pods-HelpingHarper-HelpingHarperUITests/Pods-HelpingHarper-HelpingHarperUITests-frameworks-${CONFIGURATION}-output-files.xcfilelist",
			);
			runOnlyForDeploymentPostprocessing = 0;
			shellPath = /bin/sh;
			shellScript = "\"${PODS_ROOT}/Target Support Files/Pods-HelpingHarper-HelpingHarperUITests/Pods-HelpingHarper-HelpingHarperUITests-frameworks.sh\"\n";
			showEnvVarsInLog = 0;
		};
		80E620B3E8BB25DAEF0B4418 /* [CP] Embed Pods Frameworks */ = {
			isa = PBXShellScriptBuildPhase;
			buildActionMask = 2147483647;
			files = (
			);
			inputFileListPaths = (
				"${PODS_ROOT}/Target Support Files/Pods-HelpingHarper/Pods-HelpingHarper-frameworks-${CONFIGURATION}-input-files.xcfilelist",
			);
			name = "[CP] Embed Pods Frameworks";
			outputFileListPaths = (
				"${PODS_ROOT}/Target Support Files/Pods-HelpingHarper/Pods-HelpingHarper-frameworks-${CONFIGURATION}-output-files.xcfilelist",
			);
			runOnlyForDeploymentPostprocessing = 0;
			shellPath = /bin/sh;
			shellScript = "\"${PODS_ROOT}/Target Support Files/Pods-HelpingHarper/Pods-HelpingHarper-frameworks.sh\"\n";
			showEnvVarsInLog = 0;
		};
		A94318E5E9D8EFF80D090660 /* [CP] Check Pods Manifest.lock */ = {
			isa = PBXShellScriptBuildPhase;
			buildActionMask = 2147483647;
			files = (
			);
			inputFileListPaths = (
			);
			inputPaths = (
				"${PODS_PODFILE_DIR_PATH}/Podfile.lock",
				"${PODS_ROOT}/Manifest.lock",
			);
			name = "[CP] Check Pods Manifest.lock";
			outputFileListPaths = (
			);
			outputPaths = (
				"$(DERIVED_FILE_DIR)/Pods-HelpingHarper-HelpingHarperUITests-checkManifestLockResult.txt",
			);
			runOnlyForDeploymentPostprocessing = 0;
			shellPath = /bin/sh;
			shellScript = "diff \"${PODS_PODFILE_DIR_PATH}/Podfile.lock\" \"${PODS_ROOT}/Manifest.lock\" > /dev/null\nif [ $? != 0 ] ; then\n    # print error to STDERR\n    echo \"error: The sandbox is not in sync with the Podfile.lock. Run 'pod install' or update your CocoaPods installation.\" >&2\n    exit 1\nfi\n# This output is used by Xcode 'outputs' to avoid re-running this script phase.\necho \"SUCCESS\" > \"${SCRIPT_OUTPUT_FILE_0}\"\n";
			showEnvVarsInLog = 0;
		};
/* End PBXShellScriptBuildPhase section */

/* Begin PBXSourcesBuildPhase section */
		26E0AED3243E8BEE006E9A08 /* Sources */ = {
			isa = PBXSourcesBuildPhase;
			buildActionMask = 2147483647;
			files = (
				266478D8244D479E00295619 /* PreferencesManager.swift in Sources */,
				2638CED12448550C00FD2CCD /* QuestionSetup.swift in Sources */,
				26C0B17C2442E3D500EC1471 /* StoryViewController.swift in Sources */,
				26C0B1702442D8F900EC1471 /* Question.swift in Sources */,
				266478D1244AEA4300295619 /* QuestionData.swift in Sources */,
				26C0B17A2442E3BD00EC1471 /* ScenarioVC.swift in Sources */,
				262FE489246EC66A00C96DD7 /* ApplyProtocol.swift in Sources */,
				26C0B1722442D94100EC1471 /* Topic.swift in Sources */,
				26AEA52F244346A300354567 /* CustomNavController.swift in Sources */,
				265D9D982450535F00F9766F /* SetupScreenViewController.swift in Sources */,
				266478D6244D477200295619 /* UserDefaultsManager.swift in Sources */,
				26164F102447226200BE32FB /* Scenario.swift in Sources */,
				26CF27CA245672590081E907 /* Symbol.swift in Sources */,
				2638CED32448559600FD2CCD /* Answer.swift in Sources */,
				265D9D9A2450558B00F9766F /* OnboardingView.swift in Sources */,
				26164F0C2446C37E00BE32FB /* Constants.swift in Sources */,
				262FE487246EC54000C96DD7 /* AudioSound.swift in Sources */,
				26C0B1762442E2F000EC1471 /* RoundedView.swift in Sources */,
				26FE147024433EFC0008BA1E /* StoryTableViewCell.swift in Sources */,
				26164F0E2446C4E900BE32FB /* NetworkingClient.swift in Sources */,
				26FE14722443420E0008BA1E /* QuestionViewController.swift in Sources */,
				26E0AEDF243E8BEE006E9A08 /* MainViewController.swift in Sources */,
				26CF27C824566FBE0081E907 /* SymbolTableViewCell.swift in Sources */,
				266478DA244D78EF00295619 /* FeedbackGenerator.swift in Sources */,
				26FE146E2442FC800008BA1E /* ScenarioTableViewCell.swift in Sources */,
				26E0AEDB243E8BEE006E9A08 /* AppDelegate.swift in Sources */,
				266478D4244D466B00295619 /* Colors+Extension.swift in Sources */,
				262FE48B246EC75F00C96DD7 /* Apply+Extension.swift in Sources */,
				26E0AEDD243E8BEE006E9A08 /* SceneDelegate.swift in Sources */,
				26C0B1772442E2F000EC1471 /* ToastAlert.swift in Sources */,
				26E0AEE5243E8BEE006E9A08 /* HelpingHarper.xcdatamodeld in Sources */,
				26CF27C624566F230081E907 /* SymbolViewController.swift in Sources */,
				2638CECF244841BB00FD2CCD /* Story.swift in Sources */,
			);
			runOnlyForDeploymentPostprocessing = 0;
		};
		26E0AEEC243E8BF6006E9A08 /* Sources */ = {
			isa = PBXSourcesBuildPhase;
			buildActionMask = 2147483647;
			files = (
				26E0AEF5243E8BF6006E9A08 /* HelpingHarperTests.swift in Sources */,
			);
			runOnlyForDeploymentPostprocessing = 0;
		};
		26E0AEF7243E8BF6006E9A08 /* Sources */ = {
			isa = PBXSourcesBuildPhase;
			buildActionMask = 2147483647;
			files = (
				26E0AF00243E8BF6006E9A08 /* HelpingHarperUITests.swift in Sources */,
			);
			runOnlyForDeploymentPostprocessing = 0;
		};
/* End PBXSourcesBuildPhase section */

/* Begin PBXTargetDependency section */
		26E0AEF2243E8BF6006E9A08 /* PBXTargetDependency */ = {
			isa = PBXTargetDependency;
			target = 26E0AED6243E8BEE006E9A08 /* HelpingHarper */;
			targetProxy = 26E0AEF1243E8BF6006E9A08 /* PBXContainerItemProxy */;
		};
		26E0AEFD243E8BF6006E9A08 /* PBXTargetDependency */ = {
			isa = PBXTargetDependency;
			target = 26E0AED6243E8BEE006E9A08 /* HelpingHarper */;
			targetProxy = 26E0AEFC243E8BF6006E9A08 /* PBXContainerItemProxy */;
		};
/* End PBXTargetDependency section */

/* Begin PBXVariantGroup section */
		26E0AEE0243E8BEE006E9A08 /* Main.storyboard */ = {
			isa = PBXVariantGroup;
			children = (
				26E0AEE1243E8BEE006E9A08 /* Base */,
			);
			name = Main.storyboard;
			sourceTree = "<group>";
		};
		26E0AEE8243E8BF5006E9A08 /* LaunchScreen.storyboard */ = {
			isa = PBXVariantGroup;
			children = (
				26E0AEE9243E8BF5006E9A08 /* Base */,
			);
			name = LaunchScreen.storyboard;
			sourceTree = "<group>";
		};
/* End PBXVariantGroup section */

/* Begin XCBuildConfiguration section */
		26E0AF02243E8BF6006E9A08 /* Debug */ = {
			isa = XCBuildConfiguration;
			buildSettings = {
				ALWAYS_SEARCH_USER_PATHS = NO;
				CLANG_ANALYZER_NONNULL = YES;
				CLANG_ANALYZER_NUMBER_OBJECT_CONVERSION = YES_AGGRESSIVE;
				CLANG_CXX_LANGUAGE_STANDARD = "gnu++14";
				CLANG_CXX_LIBRARY = "libc++";
				CLANG_ENABLE_MODULES = YES;
				CLANG_ENABLE_OBJC_ARC = YES;
				CLANG_ENABLE_OBJC_WEAK = YES;
				CLANG_WARN_BLOCK_CAPTURE_AUTORELEASING = YES;
				CLANG_WARN_BOOL_CONVERSION = YES;
				CLANG_WARN_COMMA = YES;
				CLANG_WARN_CONSTANT_CONVERSION = YES;
				CLANG_WARN_DEPRECATED_OBJC_IMPLEMENTATIONS = YES;
				CLANG_WARN_DIRECT_OBJC_ISA_USAGE = YES_ERROR;
				CLANG_WARN_DOCUMENTATION_COMMENTS = YES;
				CLANG_WARN_EMPTY_BODY = YES;
				CLANG_WARN_ENUM_CONVERSION = YES;
				CLANG_WARN_INFINITE_RECURSION = YES;
				CLANG_WARN_INT_CONVERSION = YES;
				CLANG_WARN_NON_LITERAL_NULL_CONVERSION = YES;
				CLANG_WARN_OBJC_IMPLICIT_RETAIN_SELF = YES;
				CLANG_WARN_OBJC_LITERAL_CONVERSION = YES;
				CLANG_WARN_OBJC_ROOT_CLASS = YES_ERROR;
				CLANG_WARN_RANGE_LOOP_ANALYSIS = YES;
				CLANG_WARN_STRICT_PROTOTYPES = YES;
				CLANG_WARN_SUSPICIOUS_MOVE = YES;
				CLANG_WARN_UNGUARDED_AVAILABILITY = YES_AGGRESSIVE;
				CLANG_WARN_UNREACHABLE_CODE = YES;
				CLANG_WARN__DUPLICATE_METHOD_MATCH = YES;
				COPY_PHASE_STRIP = NO;
				DEBUG_INFORMATION_FORMAT = dwarf;
				ENABLE_STRICT_OBJC_MSGSEND = YES;
				ENABLE_TESTABILITY = YES;
				GCC_C_LANGUAGE_STANDARD = gnu11;
				GCC_DYNAMIC_NO_PIC = NO;
				GCC_NO_COMMON_BLOCKS = YES;
				GCC_OPTIMIZATION_LEVEL = 0;
				GCC_PREPROCESSOR_DEFINITIONS = (
					"DEBUG=1",
					"$(inherited)",
				);
				GCC_WARN_64_TO_32_BIT_CONVERSION = YES;
				GCC_WARN_ABOUT_RETURN_TYPE = YES_ERROR;
				GCC_WARN_UNDECLARED_SELECTOR = YES;
				GCC_WARN_UNINITIALIZED_AUTOS = YES_AGGRESSIVE;
				GCC_WARN_UNUSED_FUNCTION = YES;
				GCC_WARN_UNUSED_VARIABLE = YES;
				IPHONEOS_DEPLOYMENT_TARGET = 13.4;
				MTL_ENABLE_DEBUG_INFO = INCLUDE_SOURCE;
				MTL_FAST_MATH = YES;
				ONLY_ACTIVE_ARCH = YES;
				SDKROOT = iphoneos;
				SWIFT_ACTIVE_COMPILATION_CONDITIONS = DEBUG;
				SWIFT_OPTIMIZATION_LEVEL = "-Onone";
			};
			name = Debug;
		};
		26E0AF03243E8BF6006E9A08 /* Release */ = {
			isa = XCBuildConfiguration;
			buildSettings = {
				ALWAYS_SEARCH_USER_PATHS = NO;
				CLANG_ANALYZER_NONNULL = YES;
				CLANG_ANALYZER_NUMBER_OBJECT_CONVERSION = YES_AGGRESSIVE;
				CLANG_CXX_LANGUAGE_STANDARD = "gnu++14";
				CLANG_CXX_LIBRARY = "libc++";
				CLANG_ENABLE_MODULES = YES;
				CLANG_ENABLE_OBJC_ARC = YES;
				CLANG_ENABLE_OBJC_WEAK = YES;
				CLANG_WARN_BLOCK_CAPTURE_AUTORELEASING = YES;
				CLANG_WARN_BOOL_CONVERSION = YES;
				CLANG_WARN_COMMA = YES;
				CLANG_WARN_CONSTANT_CONVERSION = YES;
				CLANG_WARN_DEPRECATED_OBJC_IMPLEMENTATIONS = YES;
				CLANG_WARN_DIRECT_OBJC_ISA_USAGE = YES_ERROR;
				CLANG_WARN_DOCUMENTATION_COMMENTS = YES;
				CLANG_WARN_EMPTY_BODY = YES;
				CLANG_WARN_ENUM_CONVERSION = YES;
				CLANG_WARN_INFINITE_RECURSION = YES;
				CLANG_WARN_INT_CONVERSION = YES;
				CLANG_WARN_NON_LITERAL_NULL_CONVERSION = YES;
				CLANG_WARN_OBJC_IMPLICIT_RETAIN_SELF = YES;
				CLANG_WARN_OBJC_LITERAL_CONVERSION = YES;
				CLANG_WARN_OBJC_ROOT_CLASS = YES_ERROR;
				CLANG_WARN_RANGE_LOOP_ANALYSIS = YES;
				CLANG_WARN_STRICT_PROTOTYPES = YES;
				CLANG_WARN_SUSPICIOUS_MOVE = YES;
				CLANG_WARN_UNGUARDED_AVAILABILITY = YES_AGGRESSIVE;
				CLANG_WARN_UNREACHABLE_CODE = YES;
				CLANG_WARN__DUPLICATE_METHOD_MATCH = YES;
				COPY_PHASE_STRIP = NO;
				DEBUG_INFORMATION_FORMAT = "dwarf-with-dsym";
				ENABLE_NS_ASSERTIONS = NO;
				ENABLE_STRICT_OBJC_MSGSEND = YES;
				GCC_C_LANGUAGE_STANDARD = gnu11;
				GCC_NO_COMMON_BLOCKS = YES;
				GCC_WARN_64_TO_32_BIT_CONVERSION = YES;
				GCC_WARN_ABOUT_RETURN_TYPE = YES_ERROR;
				GCC_WARN_UNDECLARED_SELECTOR = YES;
				GCC_WARN_UNINITIALIZED_AUTOS = YES_AGGRESSIVE;
				GCC_WARN_UNUSED_FUNCTION = YES;
				GCC_WARN_UNUSED_VARIABLE = YES;
				IPHONEOS_DEPLOYMENT_TARGET = 13.4;
				MTL_ENABLE_DEBUG_INFO = NO;
				MTL_FAST_MATH = YES;
				SDKROOT = iphoneos;
				SWIFT_COMPILATION_MODE = wholemodule;
				SWIFT_OPTIMIZATION_LEVEL = "-O";
				VALIDATE_PRODUCT = YES;
			};
			name = Release;
		};
		26E0AF05243E8BF6006E9A08 /* Debug */ = {
			isa = XCBuildConfiguration;
			baseConfigurationReference = 2E14931CDD36383DADE73391 /* Pods-HelpingHarper.debug.xcconfig */;
			buildSettings = {
				ASSETCATALOG_COMPILER_APPICON_NAME = AppIcon;
				CODE_SIGN_IDENTITY = "Apple Development";
				CODE_SIGN_STYLE = Automatic;
				DEVELOPMENT_TEAM = 226LW94XQV;
				INFOPLIST_FILE = HelpingHarper/Info.plist;
				LD_RUNPATH_SEARCH_PATHS = (
					"$(inherited)",
					"@executable_path/Frameworks",
				);
				PRODUCT_BUNDLE_IDENTIFIER = PiccoloGiant.HelpingHarper;
				PRODUCT_NAME = "Helping Harper";
				PROVISIONING_PROFILE_SPECIFIER = "";
				SWIFT_VERSION = 5.0;
				TARGETED_DEVICE_FAMILY = "1,2";
			};
			name = Debug;
		};
		26E0AF06243E8BF6006E9A08 /* Release */ = {
			isa = XCBuildConfiguration;
			baseConfigurationReference = FA3D48CAFC0EFD81352A6C91 /* Pods-HelpingHarper.release.xcconfig */;
			buildSettings = {
				ASSETCATALOG_COMPILER_APPICON_NAME = AppIcon;
				CODE_SIGN_IDENTITY = "Apple Development";
				CODE_SIGN_STYLE = Automatic;
				DEVELOPMENT_TEAM = 226LW94XQV;
				INFOPLIST_FILE = HelpingHarper/Info.plist;
				LD_RUNPATH_SEARCH_PATHS = (
					"$(inherited)",
					"@executable_path/Frameworks",
				);
				PRODUCT_BUNDLE_IDENTIFIER = PiccoloGiant.HelpingHarper;
				PRODUCT_NAME = "Helping Harper";
				PROVISIONING_PROFILE_SPECIFIER = "";
				SWIFT_VERSION = 5.0;
				TARGETED_DEVICE_FAMILY = "1,2";
			};
			name = Release;
		};
		26E0AF08243E8BF6006E9A08 /* Debug */ = {
			isa = XCBuildConfiguration;
			baseConfigurationReference = 58DFC20AA6FC900CD0BB7D42 /* Pods-HelpingHarperTests.debug.xcconfig */;
			buildSettings = {
				ALWAYS_EMBED_SWIFT_STANDARD_LIBRARIES = YES;
				BUNDLE_LOADER = "$(TEST_HOST)";
				CODE_SIGN_STYLE = Automatic;
				DEVELOPMENT_TEAM = 226LW94XQV;
				INFOPLIST_FILE = HelpingHarperTests/Info.plist;
				IPHONEOS_DEPLOYMENT_TARGET = 13.4;
				LD_RUNPATH_SEARCH_PATHS = (
					"$(inherited)",
					"@executable_path/Frameworks",
					"@loader_path/Frameworks",
				);
				PRODUCT_BUNDLE_IDENTIFIER = PiccoloGiant.HelpingHarperTests;
				PRODUCT_NAME = "$(TARGET_NAME)";
				SWIFT_VERSION = 5.0;
				TARGETED_DEVICE_FAMILY = "1,2";
				TEST_HOST = "$(BUILT_PRODUCTS_DIR)/HelpingHarper.app/HelpingHarper";
			};
			name = Debug;
		};
		26E0AF09243E8BF6006E9A08 /* Release */ = {
			isa = XCBuildConfiguration;
			baseConfigurationReference = 36812B9240C9B0B4EE01B844 /* Pods-HelpingHarperTests.release.xcconfig */;
			buildSettings = {
				ALWAYS_EMBED_SWIFT_STANDARD_LIBRARIES = YES;
				BUNDLE_LOADER = "$(TEST_HOST)";
				CODE_SIGN_STYLE = Automatic;
				DEVELOPMENT_TEAM = 226LW94XQV;
				INFOPLIST_FILE = HelpingHarperTests/Info.plist;
				IPHONEOS_DEPLOYMENT_TARGET = 13.4;
				LD_RUNPATH_SEARCH_PATHS = (
					"$(inherited)",
					"@executable_path/Frameworks",
					"@loader_path/Frameworks",
				);
				PRODUCT_BUNDLE_IDENTIFIER = PiccoloGiant.HelpingHarperTests;
				PRODUCT_NAME = "$(TARGET_NAME)";
				SWIFT_VERSION = 5.0;
				TARGETED_DEVICE_FAMILY = "1,2";
				TEST_HOST = "$(BUILT_PRODUCTS_DIR)/HelpingHarper.app/HelpingHarper";
			};
			name = Release;
		};
		26E0AF0B243E8BF6006E9A08 /* Debug */ = {
			isa = XCBuildConfiguration;
			baseConfigurationReference = 18D1D081CD31AF3EA924D34D /* Pods-HelpingHarper-HelpingHarperUITests.debug.xcconfig */;
			buildSettings = {
				ALWAYS_EMBED_SWIFT_STANDARD_LIBRARIES = YES;
				CODE_SIGN_STYLE = Automatic;
				DEVELOPMENT_TEAM = 226LW94XQV;
				INFOPLIST_FILE = HelpingHarperUITests/Info.plist;
				LD_RUNPATH_SEARCH_PATHS = (
					"$(inherited)",
					"@executable_path/Frameworks",
					"@loader_path/Frameworks",
				);
				PRODUCT_BUNDLE_IDENTIFIER = PiccoloGiant.HelpingHarperUITests;
				PRODUCT_NAME = "$(TARGET_NAME)";
				SWIFT_VERSION = 5.0;
				TARGETED_DEVICE_FAMILY = "1,2";
				TEST_TARGET_NAME = HelpingHarper;
			};
			name = Debug;
		};
		26E0AF0C243E8BF6006E9A08 /* Release */ = {
			isa = XCBuildConfiguration;
			baseConfigurationReference = EF81802E92E640BF8C1D878B /* Pods-HelpingHarper-HelpingHarperUITests.release.xcconfig */;
			buildSettings = {
				ALWAYS_EMBED_SWIFT_STANDARD_LIBRARIES = YES;
				CODE_SIGN_STYLE = Automatic;
				DEVELOPMENT_TEAM = 226LW94XQV;
				INFOPLIST_FILE = HelpingHarperUITests/Info.plist;
				LD_RUNPATH_SEARCH_PATHS = (
					"$(inherited)",
					"@executable_path/Frameworks",
					"@loader_path/Frameworks",
				);
				PRODUCT_BUNDLE_IDENTIFIER = PiccoloGiant.HelpingHarperUITests;
				PRODUCT_NAME = "$(TARGET_NAME)";
				SWIFT_VERSION = 5.0;
				TARGETED_DEVICE_FAMILY = "1,2";
				TEST_TARGET_NAME = HelpingHarper;
			};
			name = Release;
		};
/* End XCBuildConfiguration section */

/* Begin XCConfigurationList section */
		26E0AED2243E8BEE006E9A08 /* Build configuration list for PBXProject "HelpingHarper" */ = {
			isa = XCConfigurationList;
			buildConfigurations = (
				26E0AF02243E8BF6006E9A08 /* Debug */,
				26E0AF03243E8BF6006E9A08 /* Release */,
			);
			defaultConfigurationIsVisible = 0;
			defaultConfigurationName = Release;
		};
		26E0AF04243E8BF6006E9A08 /* Build configuration list for PBXNativeTarget "HelpingHarper" */ = {
			isa = XCConfigurationList;
			buildConfigurations = (
				26E0AF05243E8BF6006E9A08 /* Debug */,
				26E0AF06243E8BF6006E9A08 /* Release */,
			);
			defaultConfigurationIsVisible = 0;
			defaultConfigurationName = Release;
		};
		26E0AF07243E8BF6006E9A08 /* Build configuration list for PBXNativeTarget "HelpingHarperTests" */ = {
			isa = XCConfigurationList;
			buildConfigurations = (
				26E0AF08243E8BF6006E9A08 /* Debug */,
				26E0AF09243E8BF6006E9A08 /* Release */,
			);
			defaultConfigurationIsVisible = 0;
			defaultConfigurationName = Release;
		};
		26E0AF0A243E8BF6006E9A08 /* Build configuration list for PBXNativeTarget "HelpingHarperUITests" */ = {
			isa = XCConfigurationList;
			buildConfigurations = (
				26E0AF0B243E8BF6006E9A08 /* Debug */,
				26E0AF0C243E8BF6006E9A08 /* Release */,
			);
			defaultConfigurationIsVisible = 0;
			defaultConfigurationName = Release;
		};
/* End XCConfigurationList section */

/* Begin XCVersionGroup section */
		26E0AEE3243E8BEE006E9A08 /* HelpingHarper.xcdatamodeld */ = {
			isa = XCVersionGroup;
			children = (
				26E0AEE4243E8BEE006E9A08 /* HelpingHarper.xcdatamodel */,
			);
			currentVersion = 26E0AEE4243E8BEE006E9A08 /* HelpingHarper.xcdatamodel */;
			path = HelpingHarper.xcdatamodeld;
			sourceTree = "<group>";
			versionGroupType = wrapper.xcdatamodel;
		};
/* End XCVersionGroup section */
	};
	rootObject = 26E0AECF243E8BEE006E9A08 /* Project object */;
}
